{
  "version": 4,
  "terraform_version": "1.1.4",
  "serial": 91,
  "lineage": "5f25806b-0efb-d1c9-d47d-f5752ca7016e",
  "outputs": {
    "account_id": {
      "value": "693051501776",
      "type": "string"
    },
    "external_id": {
      "value": "b47886a9-dbf7-4a37-a4d8-4b997d51ee40",
      "type": "string"
    },
    "sophos-role-arn": {
      "value": "arn:aws:iam::693051501776:role/Sophos-Optix-role",
      "type": "string"
    }
  },
  "resources": [
    {
      "mode": "data",
      "type": "aws_caller_identity",
      "name": "current",
      "provider": "provider[\"registry.terraform.io/hashicorp/aws\"]",
      "instances": [
        {
          "schema_version": 0,
          "attributes": {
            "account_id": "693051501776",
            "arn": "arn:aws:sts::693051501776:assumed-role/AWSReservedSSO_AdministratorAccess_325c206530707fea/ralph.brynard@thebrynards.com",
            "id": "693051501776",
            "user_id": "AROA2CXIWVTILRFDE5HHO:ralph.brynard@thebrynards.com"
          },
          "sensitive_attributes": []
        }
      ]
    },
    {
      "module": "module.Sophos-Avid-read-policy",
      "mode": "data",
      "type": "template_file",
      "name": "policy",
      "provider": "provider[\"registry.terraform.io/hashicorp/template\"]",
      "instances": [
        {
          "schema_version": 0,
          "attributes": {
            "filename": null,
            "id": "1099189374f05a4856c2c59bf606e38f75eddb230c250ade35fcf419259321b0",
            "rendered": "{\n\t\"Version\": \"2012-10-17\",\n\t\"Statement\": [{\n\t\t\"Effect\": \"Allow\",\n\t\t\"Resource\": \"*\",\n\t\t\"Action\": [\n\t\t\t\"elasticfilesystem:DescribeMountTargetSecurityGroups\",\n\t\t\t\"elasticfilesystem:DescribeMountTargets\",\n\t\t\t\"sns:ListSubscriptions\",\n\t\t\t\"s3:GetAccountPublicAccessBlock\",\n\t\t\t\"ce:GetCostAndUsage\",\n\t\t\t\"ce:GetCostForecast\",\n\t\t\t\"ce:GetUsageForecast\",\n\t\t\t\"eks:List*\",\n\t\t\t\"detective:ListGraphs\",\n\t\t\t\"ec2:SearchTransitGatewayRoutes\",\n\t\t    \"ec2:GetTransitGatewayRouteTableAssociations\",\n\t\t\t\"support:DescribeTrustedAdvisorCheckResult\",\n\t\t\t\"support:RefreshTrustedAdvisorCheck\",\n\t\t\t\"ecr:DescribeImages\"\n\t\t]\n\t}]\n}\n",
            "template": "{\n\t\"Version\": \"2012-10-17\",\n\t\"Statement\": [{\n\t\t\"Effect\": \"Allow\",\n\t\t\"Resource\": \"*\",\n\t\t\"Action\": [\n\t\t\t\"elasticfilesystem:DescribeMountTargetSecurityGroups\",\n\t\t\t\"elasticfilesystem:DescribeMountTargets\",\n\t\t\t\"sns:ListSubscriptions\",\n\t\t\t\"s3:GetAccountPublicAccessBlock\",\n\t\t\t\"ce:GetCostAndUsage\",\n\t\t\t\"ce:GetCostForecast\",\n\t\t\t\"ce:GetUsageForecast\",\n\t\t\t\"eks:List*\",\n\t\t\t\"detective:ListGraphs\",\n\t\t\t\"ec2:SearchTransitGatewayRoutes\",\n\t\t    \"ec2:GetTransitGatewayRouteTableAssociations\",\n\t\t\t\"support:DescribeTrustedAdvisorCheckResult\",\n\t\t\t\"support:RefreshTrustedAdvisorCheck\",\n\t\t\t\"ecr:DescribeImages\"\n\t\t]\n\t}]\n}\n",
            "vars": {
              "default_region": "",
              "flow_log_bucket": "",
              "flow_log_folder": "",
              "lambda_name": "",
              "user_account": ""
            }
          },
          "sensitive_attributes": []
        }
      ]
    },
    {
      "module": "module.Sophos-Avid-read-policy",
      "mode": "managed",
      "type": "aws_iam_policy",
      "name": "policy",
      "provider": "provider[\"registry.terraform.io/hashicorp/aws\"]",
      "instances": [
        {
          "schema_version": 0,
          "attributes": {
            "arn": "arn:aws:iam::693051501776:policy/Sophos-Optix-read-policy",
            "description": "",
            "id": "arn:aws:iam::693051501776:policy/Sophos-Optix-read-policy",
            "name": "Sophos-Optix-read-policy",
            "name_prefix": null,
            "path": "/",
            "policy": "{\"Statement\":[{\"Action\":[\"elasticfilesystem:DescribeMountTargetSecurityGroups\",\"elasticfilesystem:DescribeMountTargets\",\"sns:ListSubscriptions\",\"s3:GetAccountPublicAccessBlock\",\"ce:GetCostAndUsage\",\"ce:GetCostForecast\",\"ce:GetUsageForecast\",\"eks:List*\",\"detective:ListGraphs\",\"ec2:SearchTransitGatewayRoutes\",\"ec2:GetTransitGatewayRouteTableAssociations\",\"support:DescribeTrustedAdvisorCheckResult\",\"support:RefreshTrustedAdvisorCheck\",\"ecr:DescribeImages\"],\"Effect\":\"Allow\",\"Resource\":\"*\"}],\"Version\":\"2012-10-17\"}",
            "policy_id": "ANPA2CXIWVTIGEZ3QYHUT",
            "tags": null,
            "tags_all": {}
          },
          "sensitive_attributes": [],
          "private": "bnVsbA==",
          "dependencies": [
            "module.Sophos-Avid-read-policy.data.template_file.policy"
          ]
        }
      ]
    },
    {
      "module": "module.avid-flowlog-lambda-logging-policy",
      "mode": "data",
      "type": "template_file",
      "name": "policy",
      "provider": "provider[\"registry.terraform.io/hashicorp/template\"]",
      "instances": [
        {
          "schema_version": 0,
          "attributes": {
            "filename": null,
            "id": "09835fb3432a64416d9bdd83c4f5948d2d982a0c78d78a6a54fd891691d45167",
            "rendered": "{\n  \"Version\": \"2012-10-17\",\n  \"Statement\": [\n      {\n          \"Effect\": \"Allow\",\n          \"Action\": \"logs:CreateLogGroup\",\n          \"Resource\": \"arn:aws:logs:*:693051501776:*\"\n      },\n      {\n          \"Effect\": \"Allow\",\n          \"Action\": [\n              \"logs:CreateLogStream\",\n              \"logs:PutLogEvents\"\n          ],\n          \"Resource\": [\n              \"arn:aws:logs:*:693051501776:log-group:/aws/lambda/*\"\n          ]\n      }\n  ]\n}\n",
            "template": "{\n  \"Version\": \"2012-10-17\",\n  \"Statement\": [\n      {\n          \"Effect\": \"Allow\",\n          \"Action\": \"logs:CreateLogGroup\",\n          \"Resource\": \"arn:aws:logs:*:${user_account}:*\"\n      },\n      {\n          \"Effect\": \"Allow\",\n          \"Action\": [\n              \"logs:CreateLogStream\",\n              \"logs:PutLogEvents\"\n          ],\n          \"Resource\": [\n              \"arn:aws:logs:*:${user_account}:log-group:/aws/lambda/*\"\n          ]\n      }\n  ]\n}\n",
            "vars": {
              "default_region": "*",
              "flow_log_bucket": "",
              "flow_log_folder": "",
              "lambda_name": "Sophos-Optix-flowlogs-fn",
              "user_account": "693051501776"
            }
          },
          "sensitive_attributes": []
        }
      ]
    },
    {
      "module": "module.avid-flowlog-lambda-logging-policy",
      "mode": "managed",
      "type": "aws_iam_policy",
      "name": "policy",
      "provider": "provider[\"registry.terraform.io/hashicorp/aws\"]",
      "instances": [
        {
          "schema_version": 0,
          "attributes": {
            "arn": "arn:aws:iam::693051501776:policy/Sophos-Optix-lambda-logging-policy",
            "description": "",
            "id": "arn:aws:iam::693051501776:policy/Sophos-Optix-lambda-logging-policy",
            "name": "Sophos-Optix-lambda-logging-policy",
            "name_prefix": null,
            "path": "/",
            "policy": "{\"Statement\":[{\"Action\":\"logs:CreateLogGroup\",\"Effect\":\"Allow\",\"Resource\":\"arn:aws:logs:*:693051501776:*\"},{\"Action\":[\"logs:CreateLogStream\",\"logs:PutLogEvents\"],\"Effect\":\"Allow\",\"Resource\":[\"arn:aws:logs:*:693051501776:log-group:/aws/lambda/*\"]}],\"Version\":\"2012-10-17\"}",
            "policy_id": "ANPA2CXIWVTIOU3O7JHAV",
            "tags": null,
            "tags_all": {}
          },
          "sensitive_attributes": [],
          "private": "bnVsbA==",
          "dependencies": [
            "module.avid-flowlog-lambda-logging-policy.data.template_file.policy"
          ]
        }
      ]
    },
    {
      "module": "module.avid-role",
      "mode": "data",
      "type": "template_file",
      "name": "policy",
      "provider": "provider[\"registry.terraform.io/hashicorp/template\"]",
      "instances": [
        {
          "schema_version": 0,
          "attributes": {
            "filename": null,
            "id": "19e72e35e486716dfd7209c15dbe2ce4f8bd3b18c17b596551352ff802e63170",
            "rendered": "{\n  \"Version\": \"2012-10-17\",\n  \"Statement\": [{\n    \"Effect\": \"Allow\",\n    \"Principal\": {\n      \"AWS\": \"arn:aws:iam::195990147830:root\"\n    },\n    \"Condition\": {\n      \"StringEquals\": {\n        \"sts:ExternalId\": \"b47886a9-dbf7-4a37-a4d8-4b997d51ee40\"\n      }\n    },\n    \"Action\": [\n      \"sts:AssumeRole\"\n    ]\n  }]\n}\n",
            "template": "{\n  \"Version\": \"2012-10-17\",\n  \"Statement\": [{\n    \"Effect\": \"Allow\",\n    \"Principal\": {\n      \"AWS\": \"arn:aws:iam::195990147830:root\"\n    },\n    \"Condition\": {\n      \"StringEquals\": {\n        \"sts:ExternalId\": \"${external_id}\"\n      }\n    },\n    \"Action\": [\n      \"sts:AssumeRole\"\n    ]\n  }]\n}\n",
            "vars": {
              "external_id": "b47886a9-dbf7-4a37-a4d8-4b997d51ee40"
            }
          },
          "sensitive_attributes": []
        }
      ]
    },
    {
      "module": "module.avid-role",
      "mode": "managed",
      "type": "aws_iam_role",
      "name": "iam-role",
      "provider": "provider[\"registry.terraform.io/hashicorp/aws\"]",
      "instances": [
        {
          "schema_version": 0,
          "attributes": {
            "arn": "arn:aws:iam::693051501776:role/Sophos-Optix-role",
            "assume_role_policy": "{\"Version\":\"2012-10-17\",\"Statement\":[{\"Effect\":\"Allow\",\"Principal\":{\"AWS\":\"arn:aws:iam::195990147830:root\"},\"Action\":\"sts:AssumeRole\",\"Condition\":{\"StringEquals\":{\"sts:ExternalId\":\"b47886a9-dbf7-4a37-a4d8-4b997d51ee40\"}}}]}",
            "create_date": "2022-02-01T20:41:27Z",
            "description": "",
            "force_detach_policies": false,
            "id": "Sophos-Optix-role",
            "inline_policy": [
              {
                "name": "Sophos-Optix-cloudtrail-read-policy",
                "policy": "{\n    \"Version\": \"2012-10-17\",\n    \"Statement\": [\n        {\n            \"Effect\": \"Allow\",\n            \"Action\": [\n                \"s3:GetObject\"\n            ],\n            \"Resource\": [\"arn:aws:s3:::sophos-optix-cloudtrail-693051501776/sophos-optix-cloudtrail/*\"]\n        }\n    ]\n}"
              },
              {
                "name": "Sophos-Optix-flowlogs-read-policy-us-west-2",
                "policy": "{\n    \"Version\": \"2012-10-17\",\n    \"Statement\": [\n        {\n            \"Effect\": \"Allow\",\n            \"Action\": [\n                \"s3:GetObject\"\n            ],\n            \"Resource\": [\"arn:aws:s3:::sophos-optix-flowlogs-693051501776-us-west-2/sophos-optix-flowlogs/*\"]\n        }\n    ]\n}"
              }
            ],
            "managed_policy_arns": [
              "arn:aws:iam::aws:policy/SecurityAudit"
            ],
            "max_session_duration": 3600,
            "name": "Sophos-Optix-role",
            "name_prefix": "",
            "path": "/",
            "permissions_boundary": null,
            "tags": {
              "created_by": "optix"
            },
            "tags_all": {
              "created_by": "optix"
            },
            "unique_id": "AROA2CXIWVTIAESQOS2LZ"
          },
          "sensitive_attributes": [],
          "private": "bnVsbA==",
          "dependencies": [
            "module.avid-role.data.template_file.policy"
          ]
        }
      ]
    },
    {
      "module": "module.avid-role-policy-attachment-1",
      "mode": "managed",
      "type": "aws_iam_role_policy_attachment",
      "name": "attach",
      "provider": "provider[\"registry.terraform.io/hashicorp/aws\"]",
      "instances": [
        {
          "schema_version": 0,
          "attributes": {
            "id": "Sophos-Optix-role-20220201204742526800000001",
            "policy_arn": "arn:aws:iam::693051501776:policy/Sophos-Optix-read-policy",
            "role": "Sophos-Optix-role"
          },
          "sensitive_attributes": [],
          "private": "bnVsbA==",
          "dependencies": [
            "module.Sophos-Avid-read-policy.aws_iam_policy.policy",
            "module.Sophos-Avid-read-policy.data.template_file.policy",
            "module.avid-role.aws_iam_role.iam-role"
          ]
        }
      ]
    },
    {
      "module": "module.avid-role-policy-attachment-2",
      "mode": "managed",
      "type": "aws_iam_role_policy_attachment",
      "name": "attach",
      "provider": "provider[\"registry.terraform.io/hashicorp/aws\"]",
      "instances": [
        {
          "schema_version": 0,
          "attributes": {
            "id": "Sophos-Optix-role-20220201204129713600000001",
            "policy_arn": "arn:aws:iam::aws:policy/SecurityAudit",
            "role": "Sophos-Optix-role"
          },
          "sensitive_attributes": [],
          "private": "bnVsbA==",
          "dependencies": [
            "module.avid-role.aws_iam_role.iam-role",
            "module.avid-role.data.template_file.policy"
          ]
        }
      ]
    },
    {
      "module": "module.cloudtrail-logs-module",
      "mode": "data",
      "type": "template_file",
      "name": "avid",
      "provider": "provider[\"registry.terraform.io/hashicorp/template\"]",
      "instances": [
        {
          "schema_version": 0,
          "attributes": {
            "filename": null,
            "id": "0c6ab1da203fb9538a4d0776aaac3d47de7548335d87b94abbc3bd5c0672975e",
            "rendered": "{\n    \"Version\": \"2012-10-17\",\n    \"Statement\": [\n        {\n            \"Sid\": \"AWSCloudTrailAclCheck20150319\",\n            \"Effect\": \"Allow\",\n            \"Principal\": {\n                \"Service\": \"cloudtrail.amazonaws.com\"\n            },\n            \"Action\": \"s3:GetBucketAcl\",\n            \"Resource\": \"arn:aws:s3:::sophos-optix-cloudtrail-693051501776\"\n        },\n        {\n            \"Sid\": \"AWSCloudTrailWrite20150319\",\n            \"Effect\": \"Allow\",\n            \"Principal\": {\n                \"Service\": \"cloudtrail.amazonaws.com\"\n            },\n            \"Action\": \"s3:PutObject\",\n            \"Resource\": \"arn:aws:s3:::sophos-optix-cloudtrail-693051501776/sophos-optix-cloudtrail/*\",\n            \"Condition\": {\n                \"StringEquals\": {\n                    \"s3:x-amz-acl\": \"bucket-owner-full-control\"\n                }\n            }\n        }\n    ]\n}\n",
            "template": "{\n    \"Version\": \"2012-10-17\",\n    \"Statement\": [\n        {\n            \"Sid\": \"AWSCloudTrailAclCheck20150319\",\n            \"Effect\": \"Allow\",\n            \"Principal\": {\n                \"Service\": \"cloudtrail.amazonaws.com\"\n            },\n            \"Action\": \"s3:GetBucketAcl\",\n            \"Resource\": \"arn:aws:s3:::${bucket_name}\"\n        },\n        {\n            \"Sid\": \"AWSCloudTrailWrite20150319\",\n            \"Effect\": \"Allow\",\n            \"Principal\": {\n                \"Service\": \"cloudtrail.amazonaws.com\"\n            },\n            \"Action\": \"s3:PutObject\",\n            \"Resource\": \"arn:aws:s3:::${bucket_name}/${bucket_folder}/*\",\n            \"Condition\": {\n                \"StringEquals\": {\n                    \"s3:x-amz-acl\": \"bucket-owner-full-control\"\n                }\n            }\n        }\n    ]\n}\n",
            "vars": {
              "bucket_folder": "sophos-optix-cloudtrail",
              "bucket_name": "sophos-optix-cloudtrail-693051501776"
            }
          },
          "sensitive_attributes": []
        }
      ]
    },
    {
      "module": "module.cloudtrail-logs-module",
      "mode": "data",
      "type": "template_file",
      "name": "policy",
      "provider": "provider[\"registry.terraform.io/hashicorp/template\"]",
      "instances": [
        {
          "schema_version": 0,
          "attributes": {
            "filename": null,
            "id": "53186fdd2565bf84227eecffc8f0b364e3c18368dba01bf3f68122b53ccaad87",
            "rendered": "{\n    \"Version\": \"2012-10-17\",\n    \"Statement\": [\n        {\n            \"Effect\": \"Allow\",\n            \"Action\": [\n                \"s3:GetObject\"\n            ],\n            \"Resource\": [\"arn:aws:s3:::sophos-optix-cloudtrail-693051501776/sophos-optix-cloudtrail/*\"]\n        }\n    ]\n}",
            "template": "{\n    \"Version\": \"2012-10-17\",\n    \"Statement\": [\n        {\n            \"Effect\": \"Allow\",\n            \"Action\": [\n                \"s3:GetObject\"\n            ],\n            \"Resource\": [\"arn:aws:s3:::${s3_name}/sophos-optix-cloudtrail/*\"]\n        }\n    ]\n}",
            "vars": {
              "s3_name": "sophos-optix-cloudtrail-693051501776"
            }
          },
          "sensitive_attributes": []
        }
      ]
    },
    {
      "module": "module.cloudtrail-logs-module",
      "mode": "managed",
      "type": "aws_cloudtrail",
      "name": "avid",
      "provider": "provider[\"registry.terraform.io/hashicorp/aws\"]",
      "instances": [
        {
          "index_key": 0,
          "schema_version": 0,
          "attributes": {
            "advanced_event_selector": [],
            "arn": "arn:aws:cloudtrail:us-west-1:693051501776:trail/Sophos-Optix-cloudtrail",
            "cloud_watch_logs_group_arn": "",
            "cloud_watch_logs_role_arn": "",
            "enable_log_file_validation": true,
            "enable_logging": true,
            "event_selector": [],
            "home_region": "us-west-1",
            "id": "Sophos-Optix-cloudtrail",
            "include_global_service_events": true,
            "insight_selector": [],
            "is_multi_region_trail": true,
            "is_organization_trail": false,
            "kms_key_id": "",
            "name": "Sophos-Optix-cloudtrail",
            "s3_bucket_name": "sophos-optix-cloudtrail-693051501776",
            "s3_key_prefix": "sophos-optix-cloudtrail",
            "sns_topic_name": "",
            "tags": {
              "created_by": "optix"
            },
            "tags_all": {
              "created_by": "optix"
            }
          },
          "sensitive_attributes": [],
          "private": "bnVsbA==",
          "dependencies": [
            "data.aws_caller_identity.current",
            "module.cloudtrail-logs-module.aws_s3_bucket.avid",
            "module.cloudtrail-logs-module.aws_s3_bucket_policy.avid",
            "module.cloudtrail-logs-module.data.template_file.avid"
          ]
        }
      ]
    },
    {
      "module": "module.cloudtrail-logs-module",
      "mode": "managed",
      "type": "aws_iam_role_policy",
      "name": "avid",
      "provider": "provider[\"registry.terraform.io/hashicorp/aws\"]",
      "instances": [
        {
          "index_key": 0,
          "schema_version": 0,
          "attributes": {
            "id": "Sophos-Optix-role:Sophos-Optix-cloudtrail-read-policy",
            "name": "Sophos-Optix-cloudtrail-read-policy",
            "name_prefix": null,
            "policy": "{\n    \"Version\": \"2012-10-17\",\n    \"Statement\": [\n        {\n            \"Effect\": \"Allow\",\n            \"Action\": [\n                \"s3:GetObject\"\n            ],\n            \"Resource\": [\"arn:aws:s3:::sophos-optix-cloudtrail-693051501776/sophos-optix-cloudtrail/*\"]\n        }\n    ]\n}",
            "role": "Sophos-Optix-role"
          },
          "sensitive_attributes": [],
          "private": "bnVsbA==",
          "dependencies": [
            "data.aws_caller_identity.current",
            "module.avid-role.aws_iam_role.iam-role",
            "module.avid-role.data.template_file.policy",
            "module.cloudtrail-logs-module.data.template_file.policy"
          ]
        }
      ]
    },
    {
      "module": "module.cloudtrail-logs-module",
      "mode": "managed",
      "type": "aws_lambda_function",
      "name": "avid",
      "provider": "provider[\"registry.terraform.io/hashicorp/aws\"]",
      "instances": [
        {
          "index_key": 0,
          "schema_version": 0,
          "attributes": {
            "architectures": [],
            "arn": "arn:aws:lambda:us-west-1:693051501776:function:Sophos-Optix-cloudtrail-fn",
            "code_signing_config_arn": "",
            "dead_letter_config": [],
            "description": "",
            "environment": [
              {
                "variables": {
                  "CUSTOMER_ID": "d7c35907-ea64-4398-aeba-c1833f1ef7b7",
                  "DNS_PATH": "s3key/cloudtraillogs",
                  "DNS_PREFIX": "events.optix.sophos.com"
                }
              }
            ],
            "file_system_config": [],
            "filename": "collector-v2-sns-lambda.zip",
            "function_name": "Sophos-Optix-cloudtrail-fn",
            "handler": "collector-v2-sns-lambda.lambda_handler",
            "id": "Sophos-Optix-cloudtrail-fn",
            "image_config": [],
            "image_uri": "",
            "invoke_arn": "arn:aws:apigateway:us-west-1:lambda:path/2015-03-31/functions/arn:aws:lambda:us-west-1:693051501776:function:Sophos-Optix-cloudtrail-fn/invocations",
            "kms_key_arn": "",
            "last_modified": "2022-02-01T20:41:41.256+0000",
            "layers": [],
            "memory_size": 128,
            "package_type": "Zip",
            "publish": false,
            "qualified_arn": "arn:aws:lambda:us-west-1:693051501776:function:Sophos-Optix-cloudtrail-fn:$LATEST",
            "reserved_concurrent_executions": -1,
            "role": "arn:aws:iam::693051501776:role/Sophos-Optix-lambda-logging-role",
            "runtime": "python3.8",
            "s3_bucket": null,
            "s3_key": null,
            "s3_object_version": null,
            "signing_job_arn": "",
            "signing_profile_version_arn": "",
            "source_code_hash": "ZYE6iyeD52cowN/xSd4eW6Z6Cr6bqmmuUt1dIFUnx4A=",
            "source_code_size": 797936,
            "tags": {
              "created_by": "optix"
            },
            "tags_all": {
              "created_by": "optix"
            },
            "timeout": 120,
            "timeouts": null,
            "tracing_config": [
              {
                "mode": "PassThrough"
              }
            ],
            "version": "$LATEST",
            "vpc_config": []
          },
          "sensitive_attributes": [],
          "private": "eyJlMmJmYjczMC1lY2FhLTExZTYtOGY4OC0zNDM2M2JjN2M0YzAiOnsiY3JlYXRlIjo2MDAwMDAwMDAwMDB9fQ==",
          "dependencies": [
            "data.aws_caller_identity.current"
          ]
        }
      ]
    },
    {
      "module": "module.cloudtrail-logs-module",
      "mode": "managed",
      "type": "aws_lambda_permission",
      "name": "avid",
      "provider": "provider[\"registry.terraform.io/hashicorp/aws\"]",
      "instances": [
        {
          "index_key": 0,
          "schema_version": 0,
          "attributes": {
            "action": "lambda:InvokeFunction",
            "event_source_token": null,
            "function_name": "Sophos-Optix-cloudtrail-fn",
            "id": "givessnspermissioncloudtrail693051501776us-west-1",
            "principal": "sns.amazonaws.com",
            "qualifier": "",
            "source_account": null,
            "source_arn": "arn:aws:sns:us-west-1:693051501776:Sophos-Optix-cloudtrail-s3-sns-topic",
            "statement_id": "givessnspermissioncloudtrail693051501776us-west-1",
            "statement_id_prefix": null
          },
          "sensitive_attributes": [],
          "private": "bnVsbA==",
          "dependencies": [
            "data.aws_caller_identity.current",
            "module.cloudtrail-logs-module.aws_s3_bucket.avid",
            "module.cloudtrail-logs-module.aws_sns_topic.avid"
          ]
        }
      ]
    },
    {
      "module": "module.cloudtrail-logs-module",
      "mode": "managed",
      "type": "aws_s3_bucket",
      "name": "avid",
      "provider": "provider[\"registry.terraform.io/hashicorp/aws\"]",
      "instances": [
        {
          "index_key": 0,
          "schema_version": 0,
          "attributes": {
            "acceleration_status": "",
            "acl": "private",
            "arn": "arn:aws:s3:::sophos-optix-cloudtrail-693051501776",
            "bucket": "sophos-optix-cloudtrail-693051501776",
            "bucket_domain_name": "sophos-optix-cloudtrail-693051501776.s3.amazonaws.com",
            "bucket_prefix": null,
            "bucket_regional_domain_name": "sophos-optix-cloudtrail-693051501776.s3.us-west-1.amazonaws.com",
            "cors_rule": [],
            "force_destroy": false,
            "grant": [],
            "hosted_zone_id": "Z2F56UZL2M1ACD",
            "id": "sophos-optix-cloudtrail-693051501776",
            "lifecycle_rule": [
              {
                "abort_incomplete_multipart_upload_days": 0,
                "enabled": true,
                "expiration": [],
                "id": "s3flowsdeleteafterNdays",
                "noncurrent_version_expiration": [
                  {
                    "days": 365
                  }
                ],
                "noncurrent_version_transition": [],
                "prefix": "",
                "tags": null,
                "transition": []
              }
            ],
            "logging": [],
            "object_lock_configuration": [],
            "policy": null,
            "region": "us-west-1",
            "replication_configuration": [],
            "request_payer": "BucketOwner",
            "server_side_encryption_configuration": [
              {
                "rule": [
                  {
                    "apply_server_side_encryption_by_default": [
                      {
                        "kms_master_key_id": "aws/s3",
                        "sse_algorithm": "aws:kms"
                      }
                    ],
                    "bucket_key_enabled": false
                  }
                ]
              }
            ],
            "tags": {
              "created_by": "optix"
            },
            "tags_all": {
              "created_by": "optix"
            },
            "versioning": [
              {
                "enabled": false,
                "mfa_delete": false
              }
            ],
            "website": [],
            "website_domain": null,
            "website_endpoint": null
          },
          "sensitive_attributes": [],
          "private": "bnVsbA==",
          "dependencies": [
            "data.aws_caller_identity.current"
          ]
        }
      ]
    },
    {
      "module": "module.cloudtrail-logs-module",
      "mode": "managed",
      "type": "aws_s3_bucket_notification",
      "name": "avid",
      "provider": "provider[\"registry.terraform.io/hashicorp/aws\"]",
      "instances": [
        {
          "index_key": 0,
          "schema_version": 0,
          "attributes": {
            "bucket": "sophos-optix-cloudtrail-693051501776",
            "eventbridge": false,
            "id": "sophos-optix-cloudtrail-693051501776",
            "lambda_function": [],
            "queue": [],
            "topic": [
              {
                "events": [
                  "s3:ObjectCreated:*"
                ],
                "filter_prefix": "sophos-optix-cloudtrail/AWSLogs/693051501776/CloudTrail/",
                "filter_suffix": ".json.gz",
                "id": "s3eventtriggersSNS",
                "topic_arn": "arn:aws:sns:us-west-1:693051501776:Sophos-Optix-cloudtrail-s3-sns-topic"
              }
            ]
          },
          "sensitive_attributes": [],
          "private": "bnVsbA==",
          "dependencies": [
            "data.aws_caller_identity.current",
            "module.cloudtrail-logs-module.aws_s3_bucket.avid",
            "module.cloudtrail-logs-module.aws_sns_topic.avid"
          ]
        }
      ]
    },
    {
      "module": "module.cloudtrail-logs-module",
      "mode": "managed",
      "type": "aws_s3_bucket_policy",
      "name": "avid",
      "provider": "provider[\"registry.terraform.io/hashicorp/aws\"]",
      "instances": [
        {
          "index_key": 0,
          "schema_version": 0,
          "attributes": {
            "bucket": "sophos-optix-cloudtrail-693051501776",
            "id": "sophos-optix-cloudtrail-693051501776",
            "policy": "{\n    \"Version\": \"2012-10-17\",\n    \"Statement\": [\n        {\n            \"Sid\": \"AWSCloudTrailAclCheck20150319\",\n            \"Effect\": \"Allow\",\n            \"Principal\": {\n                \"Service\": \"cloudtrail.amazonaws.com\"\n            },\n            \"Action\": \"s3:GetBucketAcl\",\n            \"Resource\": \"arn:aws:s3:::sophos-optix-cloudtrail-693051501776\"\n        },\n        {\n            \"Sid\": \"AWSCloudTrailWrite20150319\",\n            \"Effect\": \"Allow\",\n            \"Principal\": {\n                \"Service\": \"cloudtrail.amazonaws.com\"\n            },\n            \"Action\": \"s3:PutObject\",\n            \"Resource\": \"arn:aws:s3:::sophos-optix-cloudtrail-693051501776/sophos-optix-cloudtrail/*\",\n            \"Condition\": {\n                \"StringEquals\": {\n                    \"s3:x-amz-acl\": \"bucket-owner-full-control\"\n                }\n            }\n        }\n    ]\n}\n"
          },
          "sensitive_attributes": [],
          "private": "bnVsbA==",
          "dependencies": [
            "data.aws_caller_identity.current",
            "module.cloudtrail-logs-module.aws_s3_bucket.avid",
            "module.cloudtrail-logs-module.data.template_file.avid"
          ]
        }
      ]
    },
    {
      "module": "module.cloudtrail-logs-module",
      "mode": "managed",
      "type": "aws_sns_topic",
      "name": "avid",
      "provider": "provider[\"registry.terraform.io/hashicorp/aws\"]",
      "instances": [
        {
          "index_key": 0,
          "schema_version": 0,
          "attributes": {
            "application_failure_feedback_role_arn": "",
            "application_success_feedback_role_arn": "",
            "application_success_feedback_sample_rate": 0,
            "arn": "arn:aws:sns:us-west-1:693051501776:Sophos-Optix-cloudtrail-s3-sns-topic",
            "content_based_deduplication": false,
            "delivery_policy": "",
            "display_name": "",
            "fifo_topic": false,
            "firehose_failure_feedback_role_arn": "",
            "firehose_success_feedback_role_arn": "",
            "firehose_success_feedback_sample_rate": 0,
            "http_failure_feedback_role_arn": "",
            "http_success_feedback_role_arn": "",
            "http_success_feedback_sample_rate": 0,
            "id": "arn:aws:sns:us-west-1:693051501776:Sophos-Optix-cloudtrail-s3-sns-topic",
            "kms_master_key_id": "",
            "lambda_failure_feedback_role_arn": "",
            "lambda_success_feedback_role_arn": "",
            "lambda_success_feedback_sample_rate": 0,
            "name": "Sophos-Optix-cloudtrail-s3-sns-topic",
            "name_prefix": "",
            "owner": "693051501776",
            "policy": "{\"Version\":\"2012-10-17\",\"Statement\":[{\"Sid\":\"OptixSNSpermission20150201\",\"Effect\":\"Allow\",\"Principal\":{\"Service\":\"s3.amazonaws.com\"},\"Action\":\"SNS:Publish\",\"Resource\":\"arn:aws:sns:us-west-1:693051501776:Sophos-Optix-cloudtrail-s3-sns-topic\",\"Condition\":{\"StringEquals\":{\"AWS:SourceArn\":\"arn:aws:s3:::sophos-optix-cloudtrail-693051501776\"}}}]}",
            "sqs_failure_feedback_role_arn": "",
            "sqs_success_feedback_role_arn": "",
            "sqs_success_feedback_sample_rate": 0,
            "tags": {
              "created_by": "optix"
            },
            "tags_all": {
              "created_by": "optix"
            }
          },
          "sensitive_attributes": [],
          "private": "bnVsbA==",
          "dependencies": [
            "data.aws_caller_identity.current",
            "module.cloudtrail-logs-module.aws_s3_bucket.avid"
          ]
        }
      ]
    },
    {
      "module": "module.cloudtrail-logs-module",
      "mode": "managed",
      "type": "aws_sns_topic_subscription",
      "name": "avid",
      "provider": "provider[\"registry.terraform.io/hashicorp/aws\"]",
      "instances": [
        {
          "index_key": 0,
          "schema_version": 0,
          "attributes": {
            "arn": "arn:aws:sns:us-west-1:693051501776:Sophos-Optix-cloudtrail-s3-sns-topic:2236955b-a5db-4a0d-80ae-07394feb0f4e",
            "confirmation_timeout_in_minutes": 1,
            "confirmation_was_authenticated": true,
            "delivery_policy": "",
            "endpoint": "arn:aws:lambda:us-west-1:693051501776:function:Sophos-Optix-cloudtrail-fn",
            "endpoint_auto_confirms": false,
            "filter_policy": "",
            "id": "arn:aws:sns:us-west-1:693051501776:Sophos-Optix-cloudtrail-s3-sns-topic:2236955b-a5db-4a0d-80ae-07394feb0f4e",
            "owner_id": "693051501776",
            "pending_confirmation": false,
            "protocol": "lambda",
            "raw_message_delivery": false,
            "redrive_policy": "",
            "subscription_role_arn": "",
            "topic_arn": "arn:aws:sns:us-west-1:693051501776:Sophos-Optix-cloudtrail-s3-sns-topic"
          },
          "sensitive_attributes": [],
          "private": "bnVsbA==",
          "dependencies": [
            "data.aws_caller_identity.current",
            "module.cloudtrail-logs-module.aws_lambda_function.avid",
            "module.cloudtrail-logs-module.aws_s3_bucket.avid",
            "module.cloudtrail-logs-module.aws_sns_topic.avid"
          ]
        }
      ]
    },
    {
      "module": "module.flow-log-policy-attachment-1",
      "mode": "managed",
      "type": "aws_iam_role_policy_attachment",
      "name": "attach",
      "provider": "provider[\"registry.terraform.io/hashicorp/aws\"]",
      "instances": [
        {
          "schema_version": 0,
          "attributes": {
            "id": "Sophos-Optix-lambda-logging-role-20220201204742526900000002",
            "policy_arn": "arn:aws:iam::693051501776:policy/Sophos-Optix-lambda-logging-policy",
            "role": "Sophos-Optix-lambda-logging-role"
          },
          "sensitive_attributes": [],
          "private": "bnVsbA==",
          "dependencies": [
            "module.avid-flowlog-lambda-logging-policy.aws_iam_policy.policy",
            "module.avid-flowlog-lambda-logging-policy.data.template_file.policy",
            "module.lambda-role.aws_iam_role.iam-role"
          ]
        }
      ]
    },
    {
      "module": "module.flow-logs-module-ap-northeast-1",
      "mode": "data",
      "type": "template_file",
      "name": "avid",
      "provider": "provider[\"registry.terraform.io/hashicorp/template\"]",
      "instances": [
        {
          "schema_version": 0,
          "attributes": {
            "filename": null,
            "id": "dddd48df6eaab09368f14348071b9163633a37bded7d89530b53b0f15bb0338a",
            "rendered": "{\n    \"Version\": \"2012-10-17\",\n    \"Statement\": [\n        {\n            \"Sid\": \"AWSLogDeliveryAclCheck\",\n            \"Effect\": \"Allow\",\n            \"Principal\": {\n                \"Service\": \"delivery.logs.amazonaws.com\"\n            },\n            \"Action\": \"s3:GetBucketAcl\",\n            \"Resource\": \"arn:aws:s3:::sophos-optix-flowlogs-693051501776-ap-northeast-1\"\n        },\n        {\n            \"Sid\": \"AWSLogDeliveryWrite\",\n            \"Effect\": \"Allow\",\n            \"Principal\": {\n                \"Service\": \"delivery.logs.amazonaws.com\"\n            },\n            \"Action\": \"s3:PutObject\",\n            \"Resource\": \"arn:aws:s3:::sophos-optix-flowlogs-693051501776-ap-northeast-1/sophos-optix-flowlogs/*\",\n            \"Condition\": {\n                \"StringEquals\": {\n                    \"s3:x-amz-acl\": \"bucket-owner-full-control\"\n                }\n            }\n        }\n    ]\n}\n",
            "template": "{\n    \"Version\": \"2012-10-17\",\n    \"Statement\": [\n        {\n            \"Sid\": \"AWSLogDeliveryAclCheck\",\n            \"Effect\": \"Allow\",\n            \"Principal\": {\n                \"Service\": \"delivery.logs.amazonaws.com\"\n            },\n            \"Action\": \"s3:GetBucketAcl\",\n            \"Resource\": \"arn:aws:s3:::${bucket_name}\"\n        },\n        {\n            \"Sid\": \"AWSLogDeliveryWrite\",\n            \"Effect\": \"Allow\",\n            \"Principal\": {\n                \"Service\": \"delivery.logs.amazonaws.com\"\n            },\n            \"Action\": \"s3:PutObject\",\n            \"Resource\": \"arn:aws:s3:::${bucket_name}/${bucket_folder}/*\",\n            \"Condition\": {\n                \"StringEquals\": {\n                    \"s3:x-amz-acl\": \"bucket-owner-full-control\"\n                }\n            }\n        }\n    ]\n}\n",
            "vars": {
              "bucket_folder": "sophos-optix-flowlogs",
              "bucket_name": "sophos-optix-flowlogs-693051501776-ap-northeast-1"
            }
          },
          "sensitive_attributes": []
        }
      ]
    },
    {
      "module": "module.flow-logs-module-ap-northeast-1",
      "mode": "data",
      "type": "template_file",
      "name": "policy",
      "provider": "provider[\"registry.terraform.io/hashicorp/template\"]",
      "instances": [
        {
          "schema_version": 0,
          "attributes": {
            "filename": null,
            "id": "41a9e434027593cd1cded3d82b377bc9df45be271b42426f6561f20fb82fe98f",
            "rendered": "{\n    \"Version\": \"2012-10-17\",\n    \"Statement\": [\n        {\n            \"Effect\": \"Allow\",\n            \"Action\": [\n                \"s3:GetObject\"\n            ],\n            \"Resource\": [\"arn:aws:s3:::sophos-optix-flowlogs-693051501776-ap-northeast-1/sophos-optix-flowlogs/*\"]\n        }\n    ]\n}",
            "template": "{\n    \"Version\": \"2012-10-17\",\n    \"Statement\": [\n        {\n            \"Effect\": \"Allow\",\n            \"Action\": [\n                \"s3:GetObject\"\n            ],\n            \"Resource\": [\"arn:aws:s3:::${s3_name}/sophos-optix-flowlogs/*\"]\n        }\n    ]\n}",
            "vars": {
              "s3_name": "sophos-optix-flowlogs-693051501776-ap-northeast-1"
            }
          },
          "sensitive_attributes": []
        }
      ]
    },
    {
      "module": "module.flow-logs-module-ap-northeast-1",
      "mode": "managed",
      "type": "null_resource",
      "name": "next",
      "provider": "provider[\"registry.terraform.io/hashicorp/null\"]",
      "instances": [
        {
          "schema_version": 0,
          "attributes": {
            "id": "3429556668104258973",
            "triggers": null
          },
          "sensitive_attributes": [],
          "private": "bnVsbA==",
          "dependencies": [
            "data.aws_caller_identity.current",
            "module.flow-logs-module-ap-northeast-1.aws_s3_bucket.avid",
            "module.flow-logs-module-ap-northeast-1.null_resource.previous",
            "module.flow-logs-module-ap-northeast-1.time_sleep.wait_2_seconds"
          ]
        }
      ]
    },
    {
      "module": "module.flow-logs-module-ap-northeast-1",
      "mode": "managed",
      "type": "null_resource",
      "name": "previous",
      "provider": "provider[\"registry.terraform.io/hashicorp/null\"]",
      "instances": [
        {
          "schema_version": 0,
          "attributes": {
            "id": "5232748981893543083",
            "triggers": null
          },
          "sensitive_attributes": [],
          "private": "bnVsbA==",
          "dependencies": [
            "data.aws_caller_identity.current",
            "module.flow-logs-module-ap-northeast-1.aws_s3_bucket.avid"
          ]
        }
      ]
    },
    {
      "module": "module.flow-logs-module-ap-northeast-1",
      "mode": "managed",
      "type": "time_sleep",
      "name": "wait_2_seconds",
      "provider": "provider[\"registry.terraform.io/hashicorp/time\"]",
      "instances": [
        {
          "schema_version": 0,
          "attributes": {
            "create_duration": "2s",
            "destroy_duration": null,
            "id": "2022-02-01T20:41:30Z",
            "triggers": null
          },
          "sensitive_attributes": [],
          "private": "bnVsbA==",
          "dependencies": [
            "data.aws_caller_identity.current",
            "module.flow-logs-module-ap-northeast-1.aws_s3_bucket.avid",
            "module.flow-logs-module-ap-northeast-1.null_resource.previous"
          ]
        }
      ]
    },
    {
      "module": "module.flow-logs-module-ap-northeast-2",
      "mode": "data",
      "type": "template_file",
      "name": "avid",
      "provider": "provider[\"registry.terraform.io/hashicorp/template\"]",
      "instances": [
        {
          "schema_version": 0,
          "attributes": {
            "filename": null,
            "id": "246914721e87a0af80463f5df9079e8ed9a72ea031eb74c457e8d8ff5665e866",
            "rendered": "{\n    \"Version\": \"2012-10-17\",\n    \"Statement\": [\n        {\n            \"Sid\": \"AWSLogDeliveryAclCheck\",\n            \"Effect\": \"Allow\",\n            \"Principal\": {\n                \"Service\": \"delivery.logs.amazonaws.com\"\n            },\n            \"Action\": \"s3:GetBucketAcl\",\n            \"Resource\": \"arn:aws:s3:::sophos-optix-flowlogs-693051501776-ap-northeast-2\"\n        },\n        {\n            \"Sid\": \"AWSLogDeliveryWrite\",\n            \"Effect\": \"Allow\",\n            \"Principal\": {\n                \"Service\": \"delivery.logs.amazonaws.com\"\n            },\n            \"Action\": \"s3:PutObject\",\n            \"Resource\": \"arn:aws:s3:::sophos-optix-flowlogs-693051501776-ap-northeast-2/sophos-optix-flowlogs/*\",\n            \"Condition\": {\n                \"StringEquals\": {\n                    \"s3:x-amz-acl\": \"bucket-owner-full-control\"\n                }\n            }\n        }\n    ]\n}\n",
            "template": "{\n    \"Version\": \"2012-10-17\",\n    \"Statement\": [\n        {\n            \"Sid\": \"AWSLogDeliveryAclCheck\",\n            \"Effect\": \"Allow\",\n            \"Principal\": {\n                \"Service\": \"delivery.logs.amazonaws.com\"\n            },\n            \"Action\": \"s3:GetBucketAcl\",\n            \"Resource\": \"arn:aws:s3:::${bucket_name}\"\n        },\n        {\n            \"Sid\": \"AWSLogDeliveryWrite\",\n            \"Effect\": \"Allow\",\n            \"Principal\": {\n                \"Service\": \"delivery.logs.amazonaws.com\"\n            },\n            \"Action\": \"s3:PutObject\",\n            \"Resource\": \"arn:aws:s3:::${bucket_name}/${bucket_folder}/*\",\n            \"Condition\": {\n                \"StringEquals\": {\n                    \"s3:x-amz-acl\": \"bucket-owner-full-control\"\n                }\n            }\n        }\n    ]\n}\n",
            "vars": {
              "bucket_folder": "sophos-optix-flowlogs",
              "bucket_name": "sophos-optix-flowlogs-693051501776-ap-northeast-2"
            }
          },
          "sensitive_attributes": []
        }
      ]
    },
    {
      "module": "module.flow-logs-module-ap-northeast-2",
      "mode": "data",
      "type": "template_file",
      "name": "policy",
      "provider": "provider[\"registry.terraform.io/hashicorp/template\"]",
      "instances": [
        {
          "schema_version": 0,
          "attributes": {
            "filename": null,
            "id": "500084c35189899d29848624c19cb3fc81ebbcc2c3123b39795b97f51898c454",
            "rendered": "{\n    \"Version\": \"2012-10-17\",\n    \"Statement\": [\n        {\n            \"Effect\": \"Allow\",\n            \"Action\": [\n                \"s3:GetObject\"\n            ],\n            \"Resource\": [\"arn:aws:s3:::sophos-optix-flowlogs-693051501776-ap-northeast-2/sophos-optix-flowlogs/*\"]\n        }\n    ]\n}",
            "template": "{\n    \"Version\": \"2012-10-17\",\n    \"Statement\": [\n        {\n            \"Effect\": \"Allow\",\n            \"Action\": [\n                \"s3:GetObject\"\n            ],\n            \"Resource\": [\"arn:aws:s3:::${s3_name}/sophos-optix-flowlogs/*\"]\n        }\n    ]\n}",
            "vars": {
              "s3_name": "sophos-optix-flowlogs-693051501776-ap-northeast-2"
            }
          },
          "sensitive_attributes": []
        }
      ]
    },
    {
      "module": "module.flow-logs-module-ap-northeast-2",
      "mode": "managed",
      "type": "null_resource",
      "name": "next",
      "provider": "provider[\"registry.terraform.io/hashicorp/null\"]",
      "instances": [
        {
          "schema_version": 0,
          "attributes": {
            "id": "8846449592750282759",
            "triggers": null
          },
          "sensitive_attributes": [],
          "private": "bnVsbA==",
          "dependencies": [
            "data.aws_caller_identity.current",
            "module.flow-logs-module-ap-northeast-2.aws_s3_bucket.avid",
            "module.flow-logs-module-ap-northeast-2.null_resource.previous",
            "module.flow-logs-module-ap-northeast-2.time_sleep.wait_2_seconds"
          ]
        }
      ]
    },
    {
      "module": "module.flow-logs-module-ap-northeast-2",
      "mode": "managed",
      "type": "null_resource",
      "name": "previous",
      "provider": "provider[\"registry.terraform.io/hashicorp/null\"]",
      "instances": [
        {
          "schema_version": 0,
          "attributes": {
            "id": "7768272266183577705",
            "triggers": null
          },
          "sensitive_attributes": [],
          "private": "bnVsbA==",
          "dependencies": [
            "data.aws_caller_identity.current",
            "module.flow-logs-module-ap-northeast-2.aws_s3_bucket.avid"
          ]
        }
      ]
    },
    {
      "module": "module.flow-logs-module-ap-northeast-2",
      "mode": "managed",
      "type": "time_sleep",
      "name": "wait_2_seconds",
      "provider": "provider[\"registry.terraform.io/hashicorp/time\"]",
      "instances": [
        {
          "schema_version": 0,
          "attributes": {
            "create_duration": "2s",
            "destroy_duration": null,
            "id": "2022-02-01T20:41:28Z",
            "triggers": null
          },
          "sensitive_attributes": [],
          "private": "bnVsbA==",
          "dependencies": [
            "data.aws_caller_identity.current",
            "module.flow-logs-module-ap-northeast-2.aws_s3_bucket.avid",
            "module.flow-logs-module-ap-northeast-2.null_resource.previous"
          ]
        }
      ]
    },
    {
      "module": "module.flow-logs-module-ap-northeast-3",
      "mode": "data",
      "type": "template_file",
      "name": "avid",
      "provider": "provider[\"registry.terraform.io/hashicorp/template\"]",
      "instances": [
        {
          "schema_version": 0,
          "attributes": {
            "filename": null,
            "id": "a3984e0ca1dcc2ccd10b9c3c0be6c082eaf590aab790db8cedffdedadb9f2bdd",
            "rendered": "{\n    \"Version\": \"2012-10-17\",\n    \"Statement\": [\n        {\n            \"Sid\": \"AWSLogDeliveryAclCheck\",\n            \"Effect\": \"Allow\",\n            \"Principal\": {\n                \"Service\": \"delivery.logs.amazonaws.com\"\n            },\n            \"Action\": \"s3:GetBucketAcl\",\n            \"Resource\": \"arn:aws:s3:::sophos-optix-flowlogs-693051501776-ap-northeast-3\"\n        },\n        {\n            \"Sid\": \"AWSLogDeliveryWrite\",\n            \"Effect\": \"Allow\",\n            \"Principal\": {\n                \"Service\": \"delivery.logs.amazonaws.com\"\n            },\n            \"Action\": \"s3:PutObject\",\n            \"Resource\": \"arn:aws:s3:::sophos-optix-flowlogs-693051501776-ap-northeast-3/sophos-optix-flowlogs/*\",\n            \"Condition\": {\n                \"StringEquals\": {\n                    \"s3:x-amz-acl\": \"bucket-owner-full-control\"\n                }\n            }\n        }\n    ]\n}\n",
            "template": "{\n    \"Version\": \"2012-10-17\",\n    \"Statement\": [\n        {\n            \"Sid\": \"AWSLogDeliveryAclCheck\",\n            \"Effect\": \"Allow\",\n            \"Principal\": {\n                \"Service\": \"delivery.logs.amazonaws.com\"\n            },\n            \"Action\": \"s3:GetBucketAcl\",\n            \"Resource\": \"arn:aws:s3:::${bucket_name}\"\n        },\n        {\n            \"Sid\": \"AWSLogDeliveryWrite\",\n            \"Effect\": \"Allow\",\n            \"Principal\": {\n                \"Service\": \"delivery.logs.amazonaws.com\"\n            },\n            \"Action\": \"s3:PutObject\",\n            \"Resource\": \"arn:aws:s3:::${bucket_name}/${bucket_folder}/*\",\n            \"Condition\": {\n                \"StringEquals\": {\n                    \"s3:x-amz-acl\": \"bucket-owner-full-control\"\n                }\n            }\n        }\n    ]\n}\n",
            "vars": {
              "bucket_folder": "sophos-optix-flowlogs",
              "bucket_name": "sophos-optix-flowlogs-693051501776-ap-northeast-3"
            }
          },
          "sensitive_attributes": []
        }
      ]
    },
    {
      "module": "module.flow-logs-module-ap-northeast-3",
      "mode": "data",
      "type": "template_file",
      "name": "policy",
      "provider": "provider[\"registry.terraform.io/hashicorp/template\"]",
      "instances": [
        {
          "schema_version": 0,
          "attributes": {
            "filename": null,
            "id": "23e20c6cd2596c9c843d65cad78d3d9d08efa1401c0df72b8bcb7b750dd1558b",
            "rendered": "{\n    \"Version\": \"2012-10-17\",\n    \"Statement\": [\n        {\n            \"Effect\": \"Allow\",\n            \"Action\": [\n                \"s3:GetObject\"\n            ],\n            \"Resource\": [\"arn:aws:s3:::sophos-optix-flowlogs-693051501776-ap-northeast-3/sophos-optix-flowlogs/*\"]\n        }\n    ]\n}",
            "template": "{\n    \"Version\": \"2012-10-17\",\n    \"Statement\": [\n        {\n            \"Effect\": \"Allow\",\n            \"Action\": [\n                \"s3:GetObject\"\n            ],\n            \"Resource\": [\"arn:aws:s3:::${s3_name}/sophos-optix-flowlogs/*\"]\n        }\n    ]\n}",
            "vars": {
              "s3_name": "sophos-optix-flowlogs-693051501776-ap-northeast-3"
            }
          },
          "sensitive_attributes": []
        }
      ]
    },
    {
      "module": "module.flow-logs-module-ap-northeast-3",
      "mode": "managed",
      "type": "null_resource",
      "name": "next",
      "provider": "provider[\"registry.terraform.io/hashicorp/null\"]",
      "instances": [
        {
          "schema_version": 0,
          "attributes": {
            "id": "3623872218133531583",
            "triggers": null
          },
          "sensitive_attributes": [],
          "private": "bnVsbA==",
          "dependencies": [
            "data.aws_caller_identity.current",
            "module.flow-logs-module-ap-northeast-3.aws_s3_bucket.avid",
            "module.flow-logs-module-ap-northeast-3.null_resource.previous",
            "module.flow-logs-module-ap-northeast-3.time_sleep.wait_2_seconds"
          ]
        }
      ]
    },
    {
      "module": "module.flow-logs-module-ap-northeast-3",
      "mode": "managed",
      "type": "null_resource",
      "name": "previous",
      "provider": "provider[\"registry.terraform.io/hashicorp/null\"]",
      "instances": [
        {
          "schema_version": 0,
          "attributes": {
            "id": "4228005994291986725",
            "triggers": null
          },
          "sensitive_attributes": [],
          "private": "bnVsbA==",
          "dependencies": [
            "data.aws_caller_identity.current",
            "module.flow-logs-module-ap-northeast-3.aws_s3_bucket.avid"
          ]
        }
      ]
    },
    {
      "module": "module.flow-logs-module-ap-northeast-3",
      "mode": "managed",
      "type": "time_sleep",
      "name": "wait_2_seconds",
      "provider": "provider[\"registry.terraform.io/hashicorp/time\"]",
      "instances": [
        {
          "schema_version": 0,
          "attributes": {
            "create_duration": "2s",
            "destroy_duration": null,
            "id": "2022-02-01T20:41:29Z",
            "triggers": null
          },
          "sensitive_attributes": [],
          "private": "bnVsbA==",
          "dependencies": [
            "data.aws_caller_identity.current",
            "module.flow-logs-module-ap-northeast-3.aws_s3_bucket.avid",
            "module.flow-logs-module-ap-northeast-3.null_resource.previous"
          ]
        }
      ]
    },
    {
      "module": "module.flow-logs-module-ap-south-1",
      "mode": "data",
      "type": "template_file",
      "name": "avid",
      "provider": "provider[\"registry.terraform.io/hashicorp/template\"]",
      "instances": [
        {
          "schema_version": 0,
          "attributes": {
            "filename": null,
            "id": "73cb43c3cd7f5243773bd7dec8618fab2b336dbbe81ee3607dc0fc4188eab9cc",
            "rendered": "{\n    \"Version\": \"2012-10-17\",\n    \"Statement\": [\n        {\n            \"Sid\": \"AWSLogDeliveryAclCheck\",\n            \"Effect\": \"Allow\",\n            \"Principal\": {\n                \"Service\": \"delivery.logs.amazonaws.com\"\n            },\n            \"Action\": \"s3:GetBucketAcl\",\n            \"Resource\": \"arn:aws:s3:::sophos-optix-flowlogs-693051501776-ap-south-1\"\n        },\n        {\n            \"Sid\": \"AWSLogDeliveryWrite\",\n            \"Effect\": \"Allow\",\n            \"Principal\": {\n                \"Service\": \"delivery.logs.amazonaws.com\"\n            },\n            \"Action\": \"s3:PutObject\",\n            \"Resource\": \"arn:aws:s3:::sophos-optix-flowlogs-693051501776-ap-south-1/sophos-optix-flowlogs/*\",\n            \"Condition\": {\n                \"StringEquals\": {\n                    \"s3:x-amz-acl\": \"bucket-owner-full-control\"\n                }\n            }\n        }\n    ]\n}\n",
            "template": "{\n    \"Version\": \"2012-10-17\",\n    \"Statement\": [\n        {\n            \"Sid\": \"AWSLogDeliveryAclCheck\",\n            \"Effect\": \"Allow\",\n            \"Principal\": {\n                \"Service\": \"delivery.logs.amazonaws.com\"\n            },\n            \"Action\": \"s3:GetBucketAcl\",\n            \"Resource\": \"arn:aws:s3:::${bucket_name}\"\n        },\n        {\n            \"Sid\": \"AWSLogDeliveryWrite\",\n            \"Effect\": \"Allow\",\n            \"Principal\": {\n                \"Service\": \"delivery.logs.amazonaws.com\"\n            },\n            \"Action\": \"s3:PutObject\",\n            \"Resource\": \"arn:aws:s3:::${bucket_name}/${bucket_folder}/*\",\n            \"Condition\": {\n                \"StringEquals\": {\n                    \"s3:x-amz-acl\": \"bucket-owner-full-control\"\n                }\n            }\n        }\n    ]\n}\n",
            "vars": {
              "bucket_folder": "sophos-optix-flowlogs",
              "bucket_name": "sophos-optix-flowlogs-693051501776-ap-south-1"
            }
          },
          "sensitive_attributes": []
        }
      ]
    },
    {
      "module": "module.flow-logs-module-ap-south-1",
      "mode": "data",
      "type": "template_file",
      "name": "policy",
      "provider": "provider[\"registry.terraform.io/hashicorp/template\"]",
      "instances": [
        {
          "schema_version": 0,
          "attributes": {
            "filename": null,
            "id": "933dea02fcb08f4393fc6ec72f74254c9d57e425625ef0c14e3577cf83a8c2c3",
            "rendered": "{\n    \"Version\": \"2012-10-17\",\n    \"Statement\": [\n        {\n            \"Effect\": \"Allow\",\n            \"Action\": [\n                \"s3:GetObject\"\n            ],\n            \"Resource\": [\"arn:aws:s3:::sophos-optix-flowlogs-693051501776-ap-south-1/sophos-optix-flowlogs/*\"]\n        }\n    ]\n}",
            "template": "{\n    \"Version\": \"2012-10-17\",\n    \"Statement\": [\n        {\n            \"Effect\": \"Allow\",\n            \"Action\": [\n                \"s3:GetObject\"\n            ],\n            \"Resource\": [\"arn:aws:s3:::${s3_name}/sophos-optix-flowlogs/*\"]\n        }\n    ]\n}",
            "vars": {
              "s3_name": "sophos-optix-flowlogs-693051501776-ap-south-1"
            }
          },
          "sensitive_attributes": []
        }
      ]
    },
    {
      "module": "module.flow-logs-module-ap-south-1",
      "mode": "managed",
      "type": "null_resource",
      "name": "next",
      "provider": "provider[\"registry.terraform.io/hashicorp/null\"]",
      "instances": [
        {
          "schema_version": 0,
          "attributes": {
            "id": "3215922637874254188",
            "triggers": null
          },
          "sensitive_attributes": [],
          "private": "bnVsbA==",
          "dependencies": [
            "data.aws_caller_identity.current",
            "module.flow-logs-module-ap-south-1.aws_s3_bucket.avid",
            "module.flow-logs-module-ap-south-1.null_resource.previous",
            "module.flow-logs-module-ap-south-1.time_sleep.wait_2_seconds"
          ]
        }
      ]
    },
    {
      "module": "module.flow-logs-module-ap-south-1",
      "mode": "managed",
      "type": "null_resource",
      "name": "previous",
      "provider": "provider[\"registry.terraform.io/hashicorp/null\"]",
      "instances": [
        {
          "schema_version": 0,
          "attributes": {
            "id": "7026500121699232670",
            "triggers": null
          },
          "sensitive_attributes": [],
          "private": "bnVsbA==",
          "dependencies": [
            "data.aws_caller_identity.current",
            "module.flow-logs-module-ap-south-1.aws_s3_bucket.avid"
          ]
        }
      ]
    },
    {
      "module": "module.flow-logs-module-ap-south-1",
      "mode": "managed",
      "type": "time_sleep",
      "name": "wait_2_seconds",
      "provider": "provider[\"registry.terraform.io/hashicorp/time\"]",
      "instances": [
        {
          "schema_version": 0,
          "attributes": {
            "create_duration": "2s",
            "destroy_duration": null,
            "id": "2022-02-01T20:41:27Z",
            "triggers": null
          },
          "sensitive_attributes": [],
          "private": "bnVsbA==",
          "dependencies": [
            "data.aws_caller_identity.current",
            "module.flow-logs-module-ap-south-1.aws_s3_bucket.avid",
            "module.flow-logs-module-ap-south-1.null_resource.previous"
          ]
        }
      ]
    },
    {
      "module": "module.flow-logs-module-ap-southeast-1",
      "mode": "data",
      "type": "template_file",
      "name": "avid",
      "provider": "provider[\"registry.terraform.io/hashicorp/template\"]",
      "instances": [
        {
          "schema_version": 0,
          "attributes": {
            "filename": null,
            "id": "39cbec0dfb4ff2375bbd121447405cd232571e141950ae3d88cb3d2821aa0399",
            "rendered": "{\n    \"Version\": \"2012-10-17\",\n    \"Statement\": [\n        {\n            \"Sid\": \"AWSLogDeliveryAclCheck\",\n            \"Effect\": \"Allow\",\n            \"Principal\": {\n                \"Service\": \"delivery.logs.amazonaws.com\"\n            },\n            \"Action\": \"s3:GetBucketAcl\",\n            \"Resource\": \"arn:aws:s3:::sophos-optix-flowlogs-693051501776-ap-southeast-1\"\n        },\n        {\n            \"Sid\": \"AWSLogDeliveryWrite\",\n            \"Effect\": \"Allow\",\n            \"Principal\": {\n                \"Service\": \"delivery.logs.amazonaws.com\"\n            },\n            \"Action\": \"s3:PutObject\",\n            \"Resource\": \"arn:aws:s3:::sophos-optix-flowlogs-693051501776-ap-southeast-1/sophos-optix-flowlogs/*\",\n            \"Condition\": {\n                \"StringEquals\": {\n                    \"s3:x-amz-acl\": \"bucket-owner-full-control\"\n                }\n            }\n        }\n    ]\n}\n",
            "template": "{\n    \"Version\": \"2012-10-17\",\n    \"Statement\": [\n        {\n            \"Sid\": \"AWSLogDeliveryAclCheck\",\n            \"Effect\": \"Allow\",\n            \"Principal\": {\n                \"Service\": \"delivery.logs.amazonaws.com\"\n            },\n            \"Action\": \"s3:GetBucketAcl\",\n            \"Resource\": \"arn:aws:s3:::${bucket_name}\"\n        },\n        {\n            \"Sid\": \"AWSLogDeliveryWrite\",\n            \"Effect\": \"Allow\",\n            \"Principal\": {\n                \"Service\": \"delivery.logs.amazonaws.com\"\n            },\n            \"Action\": \"s3:PutObject\",\n            \"Resource\": \"arn:aws:s3:::${bucket_name}/${bucket_folder}/*\",\n            \"Condition\": {\n                \"StringEquals\": {\n                    \"s3:x-amz-acl\": \"bucket-owner-full-control\"\n                }\n            }\n        }\n    ]\n}\n",
            "vars": {
              "bucket_folder": "sophos-optix-flowlogs",
              "bucket_name": "sophos-optix-flowlogs-693051501776-ap-southeast-1"
            }
          },
          "sensitive_attributes": []
        }
      ]
    },
    {
      "module": "module.flow-logs-module-ap-southeast-1",
      "mode": "data",
      "type": "template_file",
      "name": "policy",
      "provider": "provider[\"registry.terraform.io/hashicorp/template\"]",
      "instances": [
        {
          "schema_version": 0,
          "attributes": {
            "filename": null,
            "id": "a2e2bc9cf41748139fcaecf0216b884d465d7f479a5bb279d41012d14af07591",
            "rendered": "{\n    \"Version\": \"2012-10-17\",\n    \"Statement\": [\n        {\n            \"Effect\": \"Allow\",\n            \"Action\": [\n                \"s3:GetObject\"\n            ],\n            \"Resource\": [\"arn:aws:s3:::sophos-optix-flowlogs-693051501776-ap-southeast-1/sophos-optix-flowlogs/*\"]\n        }\n    ]\n}",
            "template": "{\n    \"Version\": \"2012-10-17\",\n    \"Statement\": [\n        {\n            \"Effect\": \"Allow\",\n            \"Action\": [\n                \"s3:GetObject\"\n            ],\n            \"Resource\": [\"arn:aws:s3:::${s3_name}/sophos-optix-flowlogs/*\"]\n        }\n    ]\n}",
            "vars": {
              "s3_name": "sophos-optix-flowlogs-693051501776-ap-southeast-1"
            }
          },
          "sensitive_attributes": []
        }
      ]
    },
    {
      "module": "module.flow-logs-module-ap-southeast-1",
      "mode": "managed",
      "type": "null_resource",
      "name": "next",
      "provider": "provider[\"registry.terraform.io/hashicorp/null\"]",
      "instances": [
        {
          "schema_version": 0,
          "attributes": {
            "id": "7713498700506211948",
            "triggers": null
          },
          "sensitive_attributes": [],
          "private": "bnVsbA==",
          "dependencies": [
            "data.aws_caller_identity.current",
            "module.flow-logs-module-ap-southeast-1.aws_s3_bucket.avid",
            "module.flow-logs-module-ap-southeast-1.null_resource.previous",
            "module.flow-logs-module-ap-southeast-1.time_sleep.wait_2_seconds"
          ]
        }
      ]
    },
    {
      "module": "module.flow-logs-module-ap-southeast-1",
      "mode": "managed",
      "type": "null_resource",
      "name": "previous",
      "provider": "provider[\"registry.terraform.io/hashicorp/null\"]",
      "instances": [
        {
          "schema_version": 0,
          "attributes": {
            "id": "4117984142641411197",
            "triggers": null
          },
          "sensitive_attributes": [],
          "private": "bnVsbA==",
          "dependencies": [
            "data.aws_caller_identity.current",
            "module.flow-logs-module-ap-southeast-1.aws_s3_bucket.avid"
          ]
        }
      ]
    },
    {
      "module": "module.flow-logs-module-ap-southeast-1",
      "mode": "managed",
      "type": "time_sleep",
      "name": "wait_2_seconds",
      "provider": "provider[\"registry.terraform.io/hashicorp/time\"]",
      "instances": [
        {
          "schema_version": 0,
          "attributes": {
            "create_duration": "2s",
            "destroy_duration": null,
            "id": "2022-02-01T20:41:28Z",
            "triggers": null
          },
          "sensitive_attributes": [],
          "private": "bnVsbA==",
          "dependencies": [
            "data.aws_caller_identity.current",
            "module.flow-logs-module-ap-southeast-1.aws_s3_bucket.avid",
            "module.flow-logs-module-ap-southeast-1.null_resource.previous"
          ]
        }
      ]
    },
    {
      "module": "module.flow-logs-module-ap-southeast-2",
      "mode": "data",
      "type": "template_file",
      "name": "avid",
      "provider": "provider[\"registry.terraform.io/hashicorp/template\"]",
      "instances": [
        {
          "schema_version": 0,
          "attributes": {
            "filename": null,
            "id": "8071d31f08184d7c3958463e4bb7e3f24b52f561ce1af3000be30ad3c6d302db",
            "rendered": "{\n    \"Version\": \"2012-10-17\",\n    \"Statement\": [\n        {\n            \"Sid\": \"AWSLogDeliveryAclCheck\",\n            \"Effect\": \"Allow\",\n            \"Principal\": {\n                \"Service\": \"delivery.logs.amazonaws.com\"\n            },\n            \"Action\": \"s3:GetBucketAcl\",\n            \"Resource\": \"arn:aws:s3:::sophos-optix-flowlogs-693051501776-ap-southeast-2\"\n        },\n        {\n            \"Sid\": \"AWSLogDeliveryWrite\",\n            \"Effect\": \"Allow\",\n            \"Principal\": {\n                \"Service\": \"delivery.logs.amazonaws.com\"\n            },\n            \"Action\": \"s3:PutObject\",\n            \"Resource\": \"arn:aws:s3:::sophos-optix-flowlogs-693051501776-ap-southeast-2/sophos-optix-flowlogs/*\",\n            \"Condition\": {\n                \"StringEquals\": {\n                    \"s3:x-amz-acl\": \"bucket-owner-full-control\"\n                }\n            }\n        }\n    ]\n}\n",
            "template": "{\n    \"Version\": \"2012-10-17\",\n    \"Statement\": [\n        {\n            \"Sid\": \"AWSLogDeliveryAclCheck\",\n            \"Effect\": \"Allow\",\n            \"Principal\": {\n                \"Service\": \"delivery.logs.amazonaws.com\"\n            },\n            \"Action\": \"s3:GetBucketAcl\",\n            \"Resource\": \"arn:aws:s3:::${bucket_name}\"\n        },\n        {\n            \"Sid\": \"AWSLogDeliveryWrite\",\n            \"Effect\": \"Allow\",\n            \"Principal\": {\n                \"Service\": \"delivery.logs.amazonaws.com\"\n            },\n            \"Action\": \"s3:PutObject\",\n            \"Resource\": \"arn:aws:s3:::${bucket_name}/${bucket_folder}/*\",\n            \"Condition\": {\n                \"StringEquals\": {\n                    \"s3:x-amz-acl\": \"bucket-owner-full-control\"\n                }\n            }\n        }\n    ]\n}\n",
            "vars": {
              "bucket_folder": "sophos-optix-flowlogs",
              "bucket_name": "sophos-optix-flowlogs-693051501776-ap-southeast-2"
            }
          },
          "sensitive_attributes": []
        }
      ]
    },
    {
      "module": "module.flow-logs-module-ap-southeast-2",
      "mode": "data",
      "type": "template_file",
      "name": "policy",
      "provider": "provider[\"registry.terraform.io/hashicorp/template\"]",
      "instances": [
        {
          "schema_version": 0,
          "attributes": {
            "filename": null,
            "id": "8eaa3d085f91e8298f723a3d78050aae4aa3f4068abe8782100679975a7167b6",
            "rendered": "{\n    \"Version\": \"2012-10-17\",\n    \"Statement\": [\n        {\n            \"Effect\": \"Allow\",\n            \"Action\": [\n                \"s3:GetObject\"\n            ],\n            \"Resource\": [\"arn:aws:s3:::sophos-optix-flowlogs-693051501776-ap-southeast-2/sophos-optix-flowlogs/*\"]\n        }\n    ]\n}",
            "template": "{\n    \"Version\": \"2012-10-17\",\n    \"Statement\": [\n        {\n            \"Effect\": \"Allow\",\n            \"Action\": [\n                \"s3:GetObject\"\n            ],\n            \"Resource\": [\"arn:aws:s3:::${s3_name}/sophos-optix-flowlogs/*\"]\n        }\n    ]\n}",
            "vars": {
              "s3_name": "sophos-optix-flowlogs-693051501776-ap-southeast-2"
            }
          },
          "sensitive_attributes": []
        }
      ]
    },
    {
      "module": "module.flow-logs-module-ap-southeast-2",
      "mode": "managed",
      "type": "null_resource",
      "name": "next",
      "provider": "provider[\"registry.terraform.io/hashicorp/null\"]",
      "instances": [
        {
          "schema_version": 0,
          "attributes": {
            "id": "4627706446398212072",
            "triggers": null
          },
          "sensitive_attributes": [],
          "private": "bnVsbA==",
          "dependencies": [
            "data.aws_caller_identity.current",
            "module.flow-logs-module-ap-southeast-2.aws_s3_bucket.avid",
            "module.flow-logs-module-ap-southeast-2.null_resource.previous",
            "module.flow-logs-module-ap-southeast-2.time_sleep.wait_2_seconds"
          ]
        }
      ]
    },
    {
      "module": "module.flow-logs-module-ap-southeast-2",
      "mode": "managed",
      "type": "null_resource",
      "name": "previous",
      "provider": "provider[\"registry.terraform.io/hashicorp/null\"]",
      "instances": [
        {
          "schema_version": 0,
          "attributes": {
            "id": "499347210574770388",
            "triggers": null
          },
          "sensitive_attributes": [],
          "private": "bnVsbA==",
          "dependencies": [
            "data.aws_caller_identity.current",
            "module.flow-logs-module-ap-southeast-2.aws_s3_bucket.avid"
          ]
        }
      ]
    },
    {
      "module": "module.flow-logs-module-ap-southeast-2",
      "mode": "managed",
      "type": "time_sleep",
      "name": "wait_2_seconds",
      "provider": "provider[\"registry.terraform.io/hashicorp/time\"]",
      "instances": [
        {
          "schema_version": 0,
          "attributes": {
            "create_duration": "2s",
            "destroy_duration": null,
            "id": "2022-02-01T20:41:27Z",
            "triggers": null
          },
          "sensitive_attributes": [],
          "private": "bnVsbA==",
          "dependencies": [
            "data.aws_caller_identity.current",
            "module.flow-logs-module-ap-southeast-2.aws_s3_bucket.avid",
            "module.flow-logs-module-ap-southeast-2.null_resource.previous"
          ]
        }
      ]
    },
    {
      "module": "module.flow-logs-module-ca-central-1",
      "mode": "data",
      "type": "template_file",
      "name": "avid",
      "provider": "provider[\"registry.terraform.io/hashicorp/template\"]",
      "instances": [
        {
          "schema_version": 0,
          "attributes": {
            "filename": null,
            "id": "6cd316ae186bef78c2c32ff328ead8f55a23fbc41b9f6e65c891f52d12523e0e",
            "rendered": "{\n    \"Version\": \"2012-10-17\",\n    \"Statement\": [\n        {\n            \"Sid\": \"AWSLogDeliveryAclCheck\",\n            \"Effect\": \"Allow\",\n            \"Principal\": {\n                \"Service\": \"delivery.logs.amazonaws.com\"\n            },\n            \"Action\": \"s3:GetBucketAcl\",\n            \"Resource\": \"arn:aws:s3:::sophos-optix-flowlogs-693051501776-ca-central-1\"\n        },\n        {\n            \"Sid\": \"AWSLogDeliveryWrite\",\n            \"Effect\": \"Allow\",\n            \"Principal\": {\n                \"Service\": \"delivery.logs.amazonaws.com\"\n            },\n            \"Action\": \"s3:PutObject\",\n            \"Resource\": \"arn:aws:s3:::sophos-optix-flowlogs-693051501776-ca-central-1/sophos-optix-flowlogs/*\",\n            \"Condition\": {\n                \"StringEquals\": {\n                    \"s3:x-amz-acl\": \"bucket-owner-full-control\"\n                }\n            }\n        }\n    ]\n}\n",
            "template": "{\n    \"Version\": \"2012-10-17\",\n    \"Statement\": [\n        {\n            \"Sid\": \"AWSLogDeliveryAclCheck\",\n            \"Effect\": \"Allow\",\n            \"Principal\": {\n                \"Service\": \"delivery.logs.amazonaws.com\"\n            },\n            \"Action\": \"s3:GetBucketAcl\",\n            \"Resource\": \"arn:aws:s3:::${bucket_name}\"\n        },\n        {\n            \"Sid\": \"AWSLogDeliveryWrite\",\n            \"Effect\": \"Allow\",\n            \"Principal\": {\n                \"Service\": \"delivery.logs.amazonaws.com\"\n            },\n            \"Action\": \"s3:PutObject\",\n            \"Resource\": \"arn:aws:s3:::${bucket_name}/${bucket_folder}/*\",\n            \"Condition\": {\n                \"StringEquals\": {\n                    \"s3:x-amz-acl\": \"bucket-owner-full-control\"\n                }\n            }\n        }\n    ]\n}\n",
            "vars": {
              "bucket_folder": "sophos-optix-flowlogs",
              "bucket_name": "sophos-optix-flowlogs-693051501776-ca-central-1"
            }
          },
          "sensitive_attributes": []
        }
      ]
    },
    {
      "module": "module.flow-logs-module-ca-central-1",
      "mode": "data",
      "type": "template_file",
      "name": "policy",
      "provider": "provider[\"registry.terraform.io/hashicorp/template\"]",
      "instances": [
        {
          "schema_version": 0,
          "attributes": {
            "filename": null,
            "id": "f5f97393f28d669c538a5455f787138a7c9211ecd2fdc32de6e233e6aabdd8b9",
            "rendered": "{\n    \"Version\": \"2012-10-17\",\n    \"Statement\": [\n        {\n            \"Effect\": \"Allow\",\n            \"Action\": [\n                \"s3:GetObject\"\n            ],\n            \"Resource\": [\"arn:aws:s3:::sophos-optix-flowlogs-693051501776-ca-central-1/sophos-optix-flowlogs/*\"]\n        }\n    ]\n}",
            "template": "{\n    \"Version\": \"2012-10-17\",\n    \"Statement\": [\n        {\n            \"Effect\": \"Allow\",\n            \"Action\": [\n                \"s3:GetObject\"\n            ],\n            \"Resource\": [\"arn:aws:s3:::${s3_name}/sophos-optix-flowlogs/*\"]\n        }\n    ]\n}",
            "vars": {
              "s3_name": "sophos-optix-flowlogs-693051501776-ca-central-1"
            }
          },
          "sensitive_attributes": []
        }
      ]
    },
    {
      "module": "module.flow-logs-module-ca-central-1",
      "mode": "managed",
      "type": "null_resource",
      "name": "next",
      "provider": "provider[\"registry.terraform.io/hashicorp/null\"]",
      "instances": [
        {
          "schema_version": 0,
          "attributes": {
            "id": "2390901969487323773",
            "triggers": null
          },
          "sensitive_attributes": [],
          "private": "bnVsbA==",
          "dependencies": [
            "data.aws_caller_identity.current",
            "module.flow-logs-module-ca-central-1.aws_s3_bucket.avid",
            "module.flow-logs-module-ca-central-1.null_resource.previous",
            "module.flow-logs-module-ca-central-1.time_sleep.wait_2_seconds"
          ]
        }
      ]
    },
    {
      "module": "module.flow-logs-module-ca-central-1",
      "mode": "managed",
      "type": "null_resource",
      "name": "previous",
      "provider": "provider[\"registry.terraform.io/hashicorp/null\"]",
      "instances": [
        {
          "schema_version": 0,
          "attributes": {
            "id": "5477725320813251767",
            "triggers": null
          },
          "sensitive_attributes": [],
          "private": "bnVsbA==",
          "dependencies": [
            "data.aws_caller_identity.current",
            "module.flow-logs-module-ca-central-1.aws_s3_bucket.avid"
          ]
        }
      ]
    },
    {
      "module": "module.flow-logs-module-ca-central-1",
      "mode": "managed",
      "type": "time_sleep",
      "name": "wait_2_seconds",
      "provider": "provider[\"registry.terraform.io/hashicorp/time\"]",
      "instances": [
        {
          "schema_version": 0,
          "attributes": {
            "create_duration": "2s",
            "destroy_duration": null,
            "id": "2022-02-01T20:41:31Z",
            "triggers": null
          },
          "sensitive_attributes": [],
          "private": "bnVsbA==",
          "dependencies": [
            "data.aws_caller_identity.current",
            "module.flow-logs-module-ca-central-1.aws_s3_bucket.avid",
            "module.flow-logs-module-ca-central-1.null_resource.previous"
          ]
        }
      ]
    },
    {
      "module": "module.flow-logs-module-eu-central-1",
      "mode": "data",
      "type": "template_file",
      "name": "avid",
      "provider": "provider[\"registry.terraform.io/hashicorp/template\"]",
      "instances": [
        {
          "schema_version": 0,
          "attributes": {
            "filename": null,
            "id": "cf88ba9ac8a0e127f245f2331ac95d4c3eb93eaf9b0e9c4e027188e0ed0331b9",
            "rendered": "{\n    \"Version\": \"2012-10-17\",\n    \"Statement\": [\n        {\n            \"Sid\": \"AWSLogDeliveryAclCheck\",\n            \"Effect\": \"Allow\",\n            \"Principal\": {\n                \"Service\": \"delivery.logs.amazonaws.com\"\n            },\n            \"Action\": \"s3:GetBucketAcl\",\n            \"Resource\": \"arn:aws:s3:::sophos-optix-flowlogs-693051501776-eu-central-1\"\n        },\n        {\n            \"Sid\": \"AWSLogDeliveryWrite\",\n            \"Effect\": \"Allow\",\n            \"Principal\": {\n                \"Service\": \"delivery.logs.amazonaws.com\"\n            },\n            \"Action\": \"s3:PutObject\",\n            \"Resource\": \"arn:aws:s3:::sophos-optix-flowlogs-693051501776-eu-central-1/sophos-optix-flowlogs/*\",\n            \"Condition\": {\n                \"StringEquals\": {\n                    \"s3:x-amz-acl\": \"bucket-owner-full-control\"\n                }\n            }\n        }\n    ]\n}\n",
            "template": "{\n    \"Version\": \"2012-10-17\",\n    \"Statement\": [\n        {\n            \"Sid\": \"AWSLogDeliveryAclCheck\",\n            \"Effect\": \"Allow\",\n            \"Principal\": {\n                \"Service\": \"delivery.logs.amazonaws.com\"\n            },\n            \"Action\": \"s3:GetBucketAcl\",\n            \"Resource\": \"arn:aws:s3:::${bucket_name}\"\n        },\n        {\n            \"Sid\": \"AWSLogDeliveryWrite\",\n            \"Effect\": \"Allow\",\n            \"Principal\": {\n                \"Service\": \"delivery.logs.amazonaws.com\"\n            },\n            \"Action\": \"s3:PutObject\",\n            \"Resource\": \"arn:aws:s3:::${bucket_name}/${bucket_folder}/*\",\n            \"Condition\": {\n                \"StringEquals\": {\n                    \"s3:x-amz-acl\": \"bucket-owner-full-control\"\n                }\n            }\n        }\n    ]\n}\n",
            "vars": {
              "bucket_folder": "sophos-optix-flowlogs",
              "bucket_name": "sophos-optix-flowlogs-693051501776-eu-central-1"
            }
          },
          "sensitive_attributes": []
        }
      ]
    },
    {
      "module": "module.flow-logs-module-eu-central-1",
      "mode": "data",
      "type": "template_file",
      "name": "policy",
      "provider": "provider[\"registry.terraform.io/hashicorp/template\"]",
      "instances": [
        {
          "schema_version": 0,
          "attributes": {
            "filename": null,
            "id": "7def52ef800219e1feca80868d0da8f2241773eb68f57f9d5aa7e426e1b7f78d",
            "rendered": "{\n    \"Version\": \"2012-10-17\",\n    \"Statement\": [\n        {\n            \"Effect\": \"Allow\",\n            \"Action\": [\n                \"s3:GetObject\"\n            ],\n            \"Resource\": [\"arn:aws:s3:::sophos-optix-flowlogs-693051501776-eu-central-1/sophos-optix-flowlogs/*\"]\n        }\n    ]\n}",
            "template": "{\n    \"Version\": \"2012-10-17\",\n    \"Statement\": [\n        {\n            \"Effect\": \"Allow\",\n            \"Action\": [\n                \"s3:GetObject\"\n            ],\n            \"Resource\": [\"arn:aws:s3:::${s3_name}/sophos-optix-flowlogs/*\"]\n        }\n    ]\n}",
            "vars": {
              "s3_name": "sophos-optix-flowlogs-693051501776-eu-central-1"
            }
          },
          "sensitive_attributes": []
        }
      ]
    },
    {
      "module": "module.flow-logs-module-eu-central-1",
      "mode": "managed",
      "type": "null_resource",
      "name": "next",
      "provider": "provider[\"registry.terraform.io/hashicorp/null\"]",
      "instances": [
        {
          "schema_version": 0,
          "attributes": {
            "id": "5948101370184946489",
            "triggers": null
          },
          "sensitive_attributes": [],
          "private": "bnVsbA==",
          "dependencies": [
            "data.aws_caller_identity.current",
            "module.flow-logs-module-eu-central-1.aws_s3_bucket.avid",
            "module.flow-logs-module-eu-central-1.null_resource.previous",
            "module.flow-logs-module-eu-central-1.time_sleep.wait_2_seconds"
          ]
        }
      ]
    },
    {
      "module": "module.flow-logs-module-eu-central-1",
      "mode": "managed",
      "type": "null_resource",
      "name": "previous",
      "provider": "provider[\"registry.terraform.io/hashicorp/null\"]",
      "instances": [
        {
          "schema_version": 0,
          "attributes": {
            "id": "8834442859962672645",
            "triggers": null
          },
          "sensitive_attributes": [],
          "private": "bnVsbA==",
          "dependencies": [
            "data.aws_caller_identity.current",
            "module.flow-logs-module-eu-central-1.aws_s3_bucket.avid"
          ]
        }
      ]
    },
    {
      "module": "module.flow-logs-module-eu-central-1",
      "mode": "managed",
      "type": "time_sleep",
      "name": "wait_2_seconds",
      "provider": "provider[\"registry.terraform.io/hashicorp/time\"]",
      "instances": [
        {
          "schema_version": 0,
          "attributes": {
            "create_duration": "2s",
            "destroy_duration": null,
            "id": "2022-02-01T20:41:29Z",
            "triggers": null
          },
          "sensitive_attributes": [],
          "private": "bnVsbA==",
          "dependencies": [
            "data.aws_caller_identity.current",
            "module.flow-logs-module-eu-central-1.aws_s3_bucket.avid",
            "module.flow-logs-module-eu-central-1.null_resource.previous"
          ]
        }
      ]
    },
    {
      "module": "module.flow-logs-module-eu-north-1",
      "mode": "data",
      "type": "template_file",
      "name": "avid",
      "provider": "provider[\"registry.terraform.io/hashicorp/template\"]",
      "instances": [
        {
          "schema_version": 0,
          "attributes": {
            "filename": null,
            "id": "b23c2a1c2d90af455fe7cc5e05ac63559563f73127e0813ff3498dbedd8f1762",
            "rendered": "{\n    \"Version\": \"2012-10-17\",\n    \"Statement\": [\n        {\n            \"Sid\": \"AWSLogDeliveryAclCheck\",\n            \"Effect\": \"Allow\",\n            \"Principal\": {\n                \"Service\": \"delivery.logs.amazonaws.com\"\n            },\n            \"Action\": \"s3:GetBucketAcl\",\n            \"Resource\": \"arn:aws:s3:::sophos-optix-flowlogs-693051501776-eu-north-1\"\n        },\n        {\n            \"Sid\": \"AWSLogDeliveryWrite\",\n            \"Effect\": \"Allow\",\n            \"Principal\": {\n                \"Service\": \"delivery.logs.amazonaws.com\"\n            },\n            \"Action\": \"s3:PutObject\",\n            \"Resource\": \"arn:aws:s3:::sophos-optix-flowlogs-693051501776-eu-north-1/sophos-optix-flowlogs/*\",\n            \"Condition\": {\n                \"StringEquals\": {\n                    \"s3:x-amz-acl\": \"bucket-owner-full-control\"\n                }\n            }\n        }\n    ]\n}\n",
            "template": "{\n    \"Version\": \"2012-10-17\",\n    \"Statement\": [\n        {\n            \"Sid\": \"AWSLogDeliveryAclCheck\",\n            \"Effect\": \"Allow\",\n            \"Principal\": {\n                \"Service\": \"delivery.logs.amazonaws.com\"\n            },\n            \"Action\": \"s3:GetBucketAcl\",\n            \"Resource\": \"arn:aws:s3:::${bucket_name}\"\n        },\n        {\n            \"Sid\": \"AWSLogDeliveryWrite\",\n            \"Effect\": \"Allow\",\n            \"Principal\": {\n                \"Service\": \"delivery.logs.amazonaws.com\"\n            },\n            \"Action\": \"s3:PutObject\",\n            \"Resource\": \"arn:aws:s3:::${bucket_name}/${bucket_folder}/*\",\n            \"Condition\": {\n                \"StringEquals\": {\n                    \"s3:x-amz-acl\": \"bucket-owner-full-control\"\n                }\n            }\n        }\n    ]\n}\n",
            "vars": {
              "bucket_folder": "sophos-optix-flowlogs",
              "bucket_name": "sophos-optix-flowlogs-693051501776-eu-north-1"
            }
          },
          "sensitive_attributes": []
        }
      ]
    },
    {
      "module": "module.flow-logs-module-eu-north-1",
      "mode": "data",
      "type": "template_file",
      "name": "policy",
      "provider": "provider[\"registry.terraform.io/hashicorp/template\"]",
      "instances": [
        {
          "schema_version": 0,
          "attributes": {
            "filename": null,
            "id": "88645bc88fdc24a1c4c5feb557535f5996fd7dab918c618f9be35f6a11b6d139",
            "rendered": "{\n    \"Version\": \"2012-10-17\",\n    \"Statement\": [\n        {\n            \"Effect\": \"Allow\",\n            \"Action\": [\n                \"s3:GetObject\"\n            ],\n            \"Resource\": [\"arn:aws:s3:::sophos-optix-flowlogs-693051501776-eu-north-1/sophos-optix-flowlogs/*\"]\n        }\n    ]\n}",
            "template": "{\n    \"Version\": \"2012-10-17\",\n    \"Statement\": [\n        {\n            \"Effect\": \"Allow\",\n            \"Action\": [\n                \"s3:GetObject\"\n            ],\n            \"Resource\": [\"arn:aws:s3:::${s3_name}/sophos-optix-flowlogs/*\"]\n        }\n    ]\n}",
            "vars": {
              "s3_name": "sophos-optix-flowlogs-693051501776-eu-north-1"
            }
          },
          "sensitive_attributes": []
        }
      ]
    },
    {
      "module": "module.flow-logs-module-eu-north-1",
      "mode": "managed",
      "type": "null_resource",
      "name": "next",
      "provider": "provider[\"registry.terraform.io/hashicorp/null\"]",
      "instances": [
        {
          "schema_version": 0,
          "attributes": {
            "id": "1299555924340787362",
            "triggers": null
          },
          "sensitive_attributes": [],
          "private": "bnVsbA==",
          "dependencies": [
            "data.aws_caller_identity.current",
            "module.flow-logs-module-eu-north-1.aws_s3_bucket.avid",
            "module.flow-logs-module-eu-north-1.null_resource.previous",
            "module.flow-logs-module-eu-north-1.time_sleep.wait_2_seconds"
          ]
        }
      ]
    },
    {
      "module": "module.flow-logs-module-eu-north-1",
      "mode": "managed",
      "type": "null_resource",
      "name": "previous",
      "provider": "provider[\"registry.terraform.io/hashicorp/null\"]",
      "instances": [
        {
          "schema_version": 0,
          "attributes": {
            "id": "2799575406586335290",
            "triggers": null
          },
          "sensitive_attributes": [],
          "private": "bnVsbA==",
          "dependencies": [
            "data.aws_caller_identity.current",
            "module.flow-logs-module-eu-north-1.aws_s3_bucket.avid"
          ]
        }
      ]
    },
    {
      "module": "module.flow-logs-module-eu-north-1",
      "mode": "managed",
      "type": "time_sleep",
      "name": "wait_2_seconds",
      "provider": "provider[\"registry.terraform.io/hashicorp/time\"]",
      "instances": [
        {
          "schema_version": 0,
          "attributes": {
            "create_duration": "2s",
            "destroy_duration": null,
            "id": "2022-02-01T20:41:27Z",
            "triggers": null
          },
          "sensitive_attributes": [],
          "private": "bnVsbA==",
          "dependencies": [
            "data.aws_caller_identity.current",
            "module.flow-logs-module-eu-north-1.aws_s3_bucket.avid",
            "module.flow-logs-module-eu-north-1.null_resource.previous"
          ]
        }
      ]
    },
    {
      "module": "module.flow-logs-module-eu-west-1",
      "mode": "data",
      "type": "template_file",
      "name": "avid",
      "provider": "provider[\"registry.terraform.io/hashicorp/template\"]",
      "instances": [
        {
          "schema_version": 0,
          "attributes": {
            "filename": null,
            "id": "9774ecf5928b2a5c396f75924ffc1fe5894ee4d392afbbd19ec7b161028d4651",
            "rendered": "{\n    \"Version\": \"2012-10-17\",\n    \"Statement\": [\n        {\n            \"Sid\": \"AWSLogDeliveryAclCheck\",\n            \"Effect\": \"Allow\",\n            \"Principal\": {\n                \"Service\": \"delivery.logs.amazonaws.com\"\n            },\n            \"Action\": \"s3:GetBucketAcl\",\n            \"Resource\": \"arn:aws:s3:::sophos-optix-flowlogs-693051501776-eu-west-1\"\n        },\n        {\n            \"Sid\": \"AWSLogDeliveryWrite\",\n            \"Effect\": \"Allow\",\n            \"Principal\": {\n                \"Service\": \"delivery.logs.amazonaws.com\"\n            },\n            \"Action\": \"s3:PutObject\",\n            \"Resource\": \"arn:aws:s3:::sophos-optix-flowlogs-693051501776-eu-west-1/sophos-optix-flowlogs/*\",\n            \"Condition\": {\n                \"StringEquals\": {\n                    \"s3:x-amz-acl\": \"bucket-owner-full-control\"\n                }\n            }\n        }\n    ]\n}\n",
            "template": "{\n    \"Version\": \"2012-10-17\",\n    \"Statement\": [\n        {\n            \"Sid\": \"AWSLogDeliveryAclCheck\",\n            \"Effect\": \"Allow\",\n            \"Principal\": {\n                \"Service\": \"delivery.logs.amazonaws.com\"\n            },\n            \"Action\": \"s3:GetBucketAcl\",\n            \"Resource\": \"arn:aws:s3:::${bucket_name}\"\n        },\n        {\n            \"Sid\": \"AWSLogDeliveryWrite\",\n            \"Effect\": \"Allow\",\n            \"Principal\": {\n                \"Service\": \"delivery.logs.amazonaws.com\"\n            },\n            \"Action\": \"s3:PutObject\",\n            \"Resource\": \"arn:aws:s3:::${bucket_name}/${bucket_folder}/*\",\n            \"Condition\": {\n                \"StringEquals\": {\n                    \"s3:x-amz-acl\": \"bucket-owner-full-control\"\n                }\n            }\n        }\n    ]\n}\n",
            "vars": {
              "bucket_folder": "sophos-optix-flowlogs",
              "bucket_name": "sophos-optix-flowlogs-693051501776-eu-west-1"
            }
          },
          "sensitive_attributes": []
        }
      ]
    },
    {
      "module": "module.flow-logs-module-eu-west-1",
      "mode": "data",
      "type": "template_file",
      "name": "policy",
      "provider": "provider[\"registry.terraform.io/hashicorp/template\"]",
      "instances": [
        {
          "schema_version": 0,
          "attributes": {
            "filename": null,
            "id": "c074c641595d02c09a6d08ae9d3f82d21d8cfa7fba36d1167751966ecff3cb13",
            "rendered": "{\n    \"Version\": \"2012-10-17\",\n    \"Statement\": [\n        {\n            \"Effect\": \"Allow\",\n            \"Action\": [\n                \"s3:GetObject\"\n            ],\n            \"Resource\": [\"arn:aws:s3:::sophos-optix-flowlogs-693051501776-eu-west-1/sophos-optix-flowlogs/*\"]\n        }\n    ]\n}",
            "template": "{\n    \"Version\": \"2012-10-17\",\n    \"Statement\": [\n        {\n            \"Effect\": \"Allow\",\n            \"Action\": [\n                \"s3:GetObject\"\n            ],\n            \"Resource\": [\"arn:aws:s3:::${s3_name}/sophos-optix-flowlogs/*\"]\n        }\n    ]\n}",
            "vars": {
              "s3_name": "sophos-optix-flowlogs-693051501776-eu-west-1"
            }
          },
          "sensitive_attributes": []
        }
      ]
    },
    {
      "module": "module.flow-logs-module-eu-west-1",
      "mode": "managed",
      "type": "null_resource",
      "name": "next",
      "provider": "provider[\"registry.terraform.io/hashicorp/null\"]",
      "instances": [
        {
          "schema_version": 0,
          "attributes": {
            "id": "3822798678038854368",
            "triggers": null
          },
          "sensitive_attributes": [],
          "private": "bnVsbA==",
          "dependencies": [
            "data.aws_caller_identity.current",
            "module.flow-logs-module-eu-west-1.aws_s3_bucket.avid",
            "module.flow-logs-module-eu-west-1.null_resource.previous",
            "module.flow-logs-module-eu-west-1.time_sleep.wait_2_seconds"
          ]
        }
      ]
    },
    {
      "module": "module.flow-logs-module-eu-west-1",
      "mode": "managed",
      "type": "null_resource",
      "name": "previous",
      "provider": "provider[\"registry.terraform.io/hashicorp/null\"]",
      "instances": [
        {
          "schema_version": 0,
          "attributes": {
            "id": "9151026436068771794",
            "triggers": null
          },
          "sensitive_attributes": [],
          "private": "bnVsbA==",
          "dependencies": [
            "data.aws_caller_identity.current",
            "module.flow-logs-module-eu-west-1.aws_s3_bucket.avid"
          ]
        }
      ]
    },
    {
      "module": "module.flow-logs-module-eu-west-1",
      "mode": "managed",
      "type": "time_sleep",
      "name": "wait_2_seconds",
      "provider": "provider[\"registry.terraform.io/hashicorp/time\"]",
      "instances": [
        {
          "schema_version": 0,
          "attributes": {
            "create_duration": "2s",
            "destroy_duration": null,
            "id": "2022-02-01T20:41:27Z",
            "triggers": null
          },
          "sensitive_attributes": [],
          "private": "bnVsbA==",
          "dependencies": [
            "data.aws_caller_identity.current",
            "module.flow-logs-module-eu-west-1.aws_s3_bucket.avid",
            "module.flow-logs-module-eu-west-1.null_resource.previous"
          ]
        }
      ]
    },
    {
      "module": "module.flow-logs-module-eu-west-2",
      "mode": "data",
      "type": "template_file",
      "name": "avid",
      "provider": "provider[\"registry.terraform.io/hashicorp/template\"]",
      "instances": [
        {
          "schema_version": 0,
          "attributes": {
            "filename": null,
            "id": "4cddcf3e220587138b6179953bf696f3798c18cc2be335e280c1a0aa38a1b3ab",
            "rendered": "{\n    \"Version\": \"2012-10-17\",\n    \"Statement\": [\n        {\n            \"Sid\": \"AWSLogDeliveryAclCheck\",\n            \"Effect\": \"Allow\",\n            \"Principal\": {\n                \"Service\": \"delivery.logs.amazonaws.com\"\n            },\n            \"Action\": \"s3:GetBucketAcl\",\n            \"Resource\": \"arn:aws:s3:::sophos-optix-flowlogs-693051501776-eu-west-2\"\n        },\n        {\n            \"Sid\": \"AWSLogDeliveryWrite\",\n            \"Effect\": \"Allow\",\n            \"Principal\": {\n                \"Service\": \"delivery.logs.amazonaws.com\"\n            },\n            \"Action\": \"s3:PutObject\",\n            \"Resource\": \"arn:aws:s3:::sophos-optix-flowlogs-693051501776-eu-west-2/sophos-optix-flowlogs/*\",\n            \"Condition\": {\n                \"StringEquals\": {\n                    \"s3:x-amz-acl\": \"bucket-owner-full-control\"\n                }\n            }\n        }\n    ]\n}\n",
            "template": "{\n    \"Version\": \"2012-10-17\",\n    \"Statement\": [\n        {\n            \"Sid\": \"AWSLogDeliveryAclCheck\",\n            \"Effect\": \"Allow\",\n            \"Principal\": {\n                \"Service\": \"delivery.logs.amazonaws.com\"\n            },\n            \"Action\": \"s3:GetBucketAcl\",\n            \"Resource\": \"arn:aws:s3:::${bucket_name}\"\n        },\n        {\n            \"Sid\": \"AWSLogDeliveryWrite\",\n            \"Effect\": \"Allow\",\n            \"Principal\": {\n                \"Service\": \"delivery.logs.amazonaws.com\"\n            },\n            \"Action\": \"s3:PutObject\",\n            \"Resource\": \"arn:aws:s3:::${bucket_name}/${bucket_folder}/*\",\n            \"Condition\": {\n                \"StringEquals\": {\n                    \"s3:x-amz-acl\": \"bucket-owner-full-control\"\n                }\n            }\n        }\n    ]\n}\n",
            "vars": {
              "bucket_folder": "sophos-optix-flowlogs",
              "bucket_name": "sophos-optix-flowlogs-693051501776-eu-west-2"
            }
          },
          "sensitive_attributes": []
        }
      ]
    },
    {
      "module": "module.flow-logs-module-eu-west-2",
      "mode": "data",
      "type": "template_file",
      "name": "policy",
      "provider": "provider[\"registry.terraform.io/hashicorp/template\"]",
      "instances": [
        {
          "schema_version": 0,
          "attributes": {
            "filename": null,
            "id": "447c480b3c9e4910588366181bca1cd88aff83254a57f1f6ac539d64bc19c5cb",
            "rendered": "{\n    \"Version\": \"2012-10-17\",\n    \"Statement\": [\n        {\n            \"Effect\": \"Allow\",\n            \"Action\": [\n                \"s3:GetObject\"\n            ],\n            \"Resource\": [\"arn:aws:s3:::sophos-optix-flowlogs-693051501776-eu-west-2/sophos-optix-flowlogs/*\"]\n        }\n    ]\n}",
            "template": "{\n    \"Version\": \"2012-10-17\",\n    \"Statement\": [\n        {\n            \"Effect\": \"Allow\",\n            \"Action\": [\n                \"s3:GetObject\"\n            ],\n            \"Resource\": [\"arn:aws:s3:::${s3_name}/sophos-optix-flowlogs/*\"]\n        }\n    ]\n}",
            "vars": {
              "s3_name": "sophos-optix-flowlogs-693051501776-eu-west-2"
            }
          },
          "sensitive_attributes": []
        }
      ]
    },
    {
      "module": "module.flow-logs-module-eu-west-2",
      "mode": "managed",
      "type": "null_resource",
      "name": "next",
      "provider": "provider[\"registry.terraform.io/hashicorp/null\"]",
      "instances": [
        {
          "schema_version": 0,
          "attributes": {
            "id": "7694264228887489198",
            "triggers": null
          },
          "sensitive_attributes": [],
          "private": "bnVsbA==",
          "dependencies": [
            "data.aws_caller_identity.current",
            "module.flow-logs-module-eu-west-2.aws_s3_bucket.avid",
            "module.flow-logs-module-eu-west-2.null_resource.previous",
            "module.flow-logs-module-eu-west-2.time_sleep.wait_2_seconds"
          ]
        }
      ]
    },
    {
      "module": "module.flow-logs-module-eu-west-2",
      "mode": "managed",
      "type": "null_resource",
      "name": "previous",
      "provider": "provider[\"registry.terraform.io/hashicorp/null\"]",
      "instances": [
        {
          "schema_version": 0,
          "attributes": {
            "id": "3791214336818227419",
            "triggers": null
          },
          "sensitive_attributes": [],
          "private": "bnVsbA==",
          "dependencies": [
            "data.aws_caller_identity.current",
            "module.flow-logs-module-eu-west-2.aws_s3_bucket.avid"
          ]
        }
      ]
    },
    {
      "module": "module.flow-logs-module-eu-west-2",
      "mode": "managed",
      "type": "time_sleep",
      "name": "wait_2_seconds",
      "provider": "provider[\"registry.terraform.io/hashicorp/time\"]",
      "instances": [
        {
          "schema_version": 0,
          "attributes": {
            "create_duration": "2s",
            "destroy_duration": null,
            "id": "2022-02-01T20:41:30Z",
            "triggers": null
          },
          "sensitive_attributes": [],
          "private": "bnVsbA==",
          "dependencies": [
            "data.aws_caller_identity.current",
            "module.flow-logs-module-eu-west-2.aws_s3_bucket.avid",
            "module.flow-logs-module-eu-west-2.null_resource.previous"
          ]
        }
      ]
    },
    {
      "module": "module.flow-logs-module-eu-west-3",
      "mode": "data",
      "type": "template_file",
      "name": "avid",
      "provider": "provider[\"registry.terraform.io/hashicorp/template\"]",
      "instances": [
        {
          "schema_version": 0,
          "attributes": {
            "filename": null,
            "id": "040e8ee8e98e2359e7aa93bee510bda08a2c4611af5afe494dd25bfac27525ff",
            "rendered": "{\n    \"Version\": \"2012-10-17\",\n    \"Statement\": [\n        {\n            \"Sid\": \"AWSLogDeliveryAclCheck\",\n            \"Effect\": \"Allow\",\n            \"Principal\": {\n                \"Service\": \"delivery.logs.amazonaws.com\"\n            },\n            \"Action\": \"s3:GetBucketAcl\",\n            \"Resource\": \"arn:aws:s3:::sophos-optix-flowlogs-693051501776-eu-west-3\"\n        },\n        {\n            \"Sid\": \"AWSLogDeliveryWrite\",\n            \"Effect\": \"Allow\",\n            \"Principal\": {\n                \"Service\": \"delivery.logs.amazonaws.com\"\n            },\n            \"Action\": \"s3:PutObject\",\n            \"Resource\": \"arn:aws:s3:::sophos-optix-flowlogs-693051501776-eu-west-3/sophos-optix-flowlogs/*\",\n            \"Condition\": {\n                \"StringEquals\": {\n                    \"s3:x-amz-acl\": \"bucket-owner-full-control\"\n                }\n            }\n        }\n    ]\n}\n",
            "template": "{\n    \"Version\": \"2012-10-17\",\n    \"Statement\": [\n        {\n            \"Sid\": \"AWSLogDeliveryAclCheck\",\n            \"Effect\": \"Allow\",\n            \"Principal\": {\n                \"Service\": \"delivery.logs.amazonaws.com\"\n            },\n            \"Action\": \"s3:GetBucketAcl\",\n            \"Resource\": \"arn:aws:s3:::${bucket_name}\"\n        },\n        {\n            \"Sid\": \"AWSLogDeliveryWrite\",\n            \"Effect\": \"Allow\",\n            \"Principal\": {\n                \"Service\": \"delivery.logs.amazonaws.com\"\n            },\n            \"Action\": \"s3:PutObject\",\n            \"Resource\": \"arn:aws:s3:::${bucket_name}/${bucket_folder}/*\",\n            \"Condition\": {\n                \"StringEquals\": {\n                    \"s3:x-amz-acl\": \"bucket-owner-full-control\"\n                }\n            }\n        }\n    ]\n}\n",
            "vars": {
              "bucket_folder": "sophos-optix-flowlogs",
              "bucket_name": "sophos-optix-flowlogs-693051501776-eu-west-3"
            }
          },
          "sensitive_attributes": []
        }
      ]
    },
    {
      "module": "module.flow-logs-module-eu-west-3",
      "mode": "data",
      "type": "template_file",
      "name": "policy",
      "provider": "provider[\"registry.terraform.io/hashicorp/template\"]",
      "instances": [
        {
          "schema_version": 0,
          "attributes": {
            "filename": null,
            "id": "94149a31b585c47edf28bf5ae6d770c8277c3c23405004429ca15d86732a83e8",
            "rendered": "{\n    \"Version\": \"2012-10-17\",\n    \"Statement\": [\n        {\n            \"Effect\": \"Allow\",\n            \"Action\": [\n                \"s3:GetObject\"\n            ],\n            \"Resource\": [\"arn:aws:s3:::sophos-optix-flowlogs-693051501776-eu-west-3/sophos-optix-flowlogs/*\"]\n        }\n    ]\n}",
            "template": "{\n    \"Version\": \"2012-10-17\",\n    \"Statement\": [\n        {\n            \"Effect\": \"Allow\",\n            \"Action\": [\n                \"s3:GetObject\"\n            ],\n            \"Resource\": [\"arn:aws:s3:::${s3_name}/sophos-optix-flowlogs/*\"]\n        }\n    ]\n}",
            "vars": {
              "s3_name": "sophos-optix-flowlogs-693051501776-eu-west-3"
            }
          },
          "sensitive_attributes": []
        }
      ]
    },
    {
      "module": "module.flow-logs-module-eu-west-3",
      "mode": "managed",
      "type": "null_resource",
      "name": "next",
      "provider": "provider[\"registry.terraform.io/hashicorp/null\"]",
      "instances": [
        {
          "schema_version": 0,
          "attributes": {
            "id": "8994947901014208248",
            "triggers": null
          },
          "sensitive_attributes": [],
          "private": "bnVsbA==",
          "dependencies": [
            "data.aws_caller_identity.current",
            "module.flow-logs-module-eu-west-3.aws_s3_bucket.avid",
            "module.flow-logs-module-eu-west-3.null_resource.previous",
            "module.flow-logs-module-eu-west-3.time_sleep.wait_2_seconds"
          ]
        }
      ]
    },
    {
      "module": "module.flow-logs-module-eu-west-3",
      "mode": "managed",
      "type": "null_resource",
      "name": "previous",
      "provider": "provider[\"registry.terraform.io/hashicorp/null\"]",
      "instances": [
        {
          "schema_version": 0,
          "attributes": {
            "id": "5234329387478642508",
            "triggers": null
          },
          "sensitive_attributes": [],
          "private": "bnVsbA==",
          "dependencies": [
            "data.aws_caller_identity.current",
            "module.flow-logs-module-eu-west-3.aws_s3_bucket.avid"
          ]
        }
      ]
    },
    {
      "module": "module.flow-logs-module-eu-west-3",
      "mode": "managed",
      "type": "time_sleep",
      "name": "wait_2_seconds",
      "provider": "provider[\"registry.terraform.io/hashicorp/time\"]",
      "instances": [
        {
          "schema_version": 0,
          "attributes": {
            "create_duration": "2s",
            "destroy_duration": null,
            "id": "2022-02-01T20:41:29Z",
            "triggers": null
          },
          "sensitive_attributes": [],
          "private": "bnVsbA==",
          "dependencies": [
            "data.aws_caller_identity.current",
            "module.flow-logs-module-eu-west-3.aws_s3_bucket.avid",
            "module.flow-logs-module-eu-west-3.null_resource.previous"
          ]
        }
      ]
    },
    {
      "module": "module.flow-logs-module-sa-east-1",
      "mode": "data",
      "type": "template_file",
      "name": "avid",
      "provider": "provider[\"registry.terraform.io/hashicorp/template\"]",
      "instances": [
        {
          "schema_version": 0,
          "attributes": {
            "filename": null,
            "id": "6e1a448fd6961fe896645212fa9aaa99053a9e9eb6915459503f38c57726c642",
            "rendered": "{\n    \"Version\": \"2012-10-17\",\n    \"Statement\": [\n        {\n            \"Sid\": \"AWSLogDeliveryAclCheck\",\n            \"Effect\": \"Allow\",\n            \"Principal\": {\n                \"Service\": \"delivery.logs.amazonaws.com\"\n            },\n            \"Action\": \"s3:GetBucketAcl\",\n            \"Resource\": \"arn:aws:s3:::sophos-optix-flowlogs-693051501776-sa-east-1\"\n        },\n        {\n            \"Sid\": \"AWSLogDeliveryWrite\",\n            \"Effect\": \"Allow\",\n            \"Principal\": {\n                \"Service\": \"delivery.logs.amazonaws.com\"\n            },\n            \"Action\": \"s3:PutObject\",\n            \"Resource\": \"arn:aws:s3:::sophos-optix-flowlogs-693051501776-sa-east-1/sophos-optix-flowlogs/*\",\n            \"Condition\": {\n                \"StringEquals\": {\n                    \"s3:x-amz-acl\": \"bucket-owner-full-control\"\n                }\n            }\n        }\n    ]\n}\n",
            "template": "{\n    \"Version\": \"2012-10-17\",\n    \"Statement\": [\n        {\n            \"Sid\": \"AWSLogDeliveryAclCheck\",\n            \"Effect\": \"Allow\",\n            \"Principal\": {\n                \"Service\": \"delivery.logs.amazonaws.com\"\n            },\n            \"Action\": \"s3:GetBucketAcl\",\n            \"Resource\": \"arn:aws:s3:::${bucket_name}\"\n        },\n        {\n            \"Sid\": \"AWSLogDeliveryWrite\",\n            \"Effect\": \"Allow\",\n            \"Principal\": {\n                \"Service\": \"delivery.logs.amazonaws.com\"\n            },\n            \"Action\": \"s3:PutObject\",\n            \"Resource\": \"arn:aws:s3:::${bucket_name}/${bucket_folder}/*\",\n            \"Condition\": {\n                \"StringEquals\": {\n                    \"s3:x-amz-acl\": \"bucket-owner-full-control\"\n                }\n            }\n        }\n    ]\n}\n",
            "vars": {
              "bucket_folder": "sophos-optix-flowlogs",
              "bucket_name": "sophos-optix-flowlogs-693051501776-sa-east-1"
            }
          },
          "sensitive_attributes": []
        }
      ]
    },
    {
      "module": "module.flow-logs-module-sa-east-1",
      "mode": "data",
      "type": "template_file",
      "name": "policy",
      "provider": "provider[\"registry.terraform.io/hashicorp/template\"]",
      "instances": [
        {
          "schema_version": 0,
          "attributes": {
            "filename": null,
            "id": "d922d869f86473996c5e0d01c8b8ecf8f32b0240e798685d632f73b90314448c",
            "rendered": "{\n    \"Version\": \"2012-10-17\",\n    \"Statement\": [\n        {\n            \"Effect\": \"Allow\",\n            \"Action\": [\n                \"s3:GetObject\"\n            ],\n            \"Resource\": [\"arn:aws:s3:::sophos-optix-flowlogs-693051501776-sa-east-1/sophos-optix-flowlogs/*\"]\n        }\n    ]\n}",
            "template": "{\n    \"Version\": \"2012-10-17\",\n    \"Statement\": [\n        {\n            \"Effect\": \"Allow\",\n            \"Action\": [\n                \"s3:GetObject\"\n            ],\n            \"Resource\": [\"arn:aws:s3:::${s3_name}/sophos-optix-flowlogs/*\"]\n        }\n    ]\n}",
            "vars": {
              "s3_name": "sophos-optix-flowlogs-693051501776-sa-east-1"
            }
          },
          "sensitive_attributes": []
        }
      ]
    },
    {
      "module": "module.flow-logs-module-sa-east-1",
      "mode": "managed",
      "type": "null_resource",
      "name": "next",
      "provider": "provider[\"registry.terraform.io/hashicorp/null\"]",
      "instances": [
        {
          "schema_version": 0,
          "attributes": {
            "id": "8184321760430613019",
            "triggers": null
          },
          "sensitive_attributes": [],
          "private": "bnVsbA==",
          "dependencies": [
            "data.aws_caller_identity.current",
            "module.flow-logs-module-sa-east-1.aws_s3_bucket.avid",
            "module.flow-logs-module-sa-east-1.null_resource.previous",
            "module.flow-logs-module-sa-east-1.time_sleep.wait_2_seconds"
          ]
        }
      ]
    },
    {
      "module": "module.flow-logs-module-sa-east-1",
      "mode": "managed",
      "type": "null_resource",
      "name": "previous",
      "provider": "provider[\"registry.terraform.io/hashicorp/null\"]",
      "instances": [
        {
          "schema_version": 0,
          "attributes": {
            "id": "8953250386290840436",
            "triggers": null
          },
          "sensitive_attributes": [],
          "private": "bnVsbA==",
          "dependencies": [
            "data.aws_caller_identity.current",
            "module.flow-logs-module-sa-east-1.aws_s3_bucket.avid"
          ]
        }
      ]
    },
    {
      "module": "module.flow-logs-module-sa-east-1",
      "mode": "managed",
      "type": "time_sleep",
      "name": "wait_2_seconds",
      "provider": "provider[\"registry.terraform.io/hashicorp/time\"]",
      "instances": [
        {
          "schema_version": 0,
          "attributes": {
            "create_duration": "2s",
            "destroy_duration": null,
            "id": "2022-02-01T20:41:27Z",
            "triggers": null
          },
          "sensitive_attributes": [],
          "private": "bnVsbA==",
          "dependencies": [
            "data.aws_caller_identity.current",
            "module.flow-logs-module-sa-east-1.aws_s3_bucket.avid",
            "module.flow-logs-module-sa-east-1.null_resource.previous"
          ]
        }
      ]
    },
    {
      "module": "module.flow-logs-module-us-east-1",
      "mode": "data",
      "type": "template_file",
      "name": "avid",
      "provider": "provider[\"registry.terraform.io/hashicorp/template\"]",
      "instances": [
        {
          "schema_version": 0,
          "attributes": {
            "filename": null,
            "id": "0bdcec778cbe81d61a74a18c357318d16f53e84146d06d1d7a0e3fe3917cdda4",
            "rendered": "{\n    \"Version\": \"2012-10-17\",\n    \"Statement\": [\n        {\n            \"Sid\": \"AWSLogDeliveryAclCheck\",\n            \"Effect\": \"Allow\",\n            \"Principal\": {\n                \"Service\": \"delivery.logs.amazonaws.com\"\n            },\n            \"Action\": \"s3:GetBucketAcl\",\n            \"Resource\": \"arn:aws:s3:::sophos-optix-flowlogs-693051501776-us-east-1\"\n        },\n        {\n            \"Sid\": \"AWSLogDeliveryWrite\",\n            \"Effect\": \"Allow\",\n            \"Principal\": {\n                \"Service\": \"delivery.logs.amazonaws.com\"\n            },\n            \"Action\": \"s3:PutObject\",\n            \"Resource\": \"arn:aws:s3:::sophos-optix-flowlogs-693051501776-us-east-1/sophos-optix-flowlogs/*\",\n            \"Condition\": {\n                \"StringEquals\": {\n                    \"s3:x-amz-acl\": \"bucket-owner-full-control\"\n                }\n            }\n        }\n    ]\n}\n",
            "template": "{\n    \"Version\": \"2012-10-17\",\n    \"Statement\": [\n        {\n            \"Sid\": \"AWSLogDeliveryAclCheck\",\n            \"Effect\": \"Allow\",\n            \"Principal\": {\n                \"Service\": \"delivery.logs.amazonaws.com\"\n            },\n            \"Action\": \"s3:GetBucketAcl\",\n            \"Resource\": \"arn:aws:s3:::${bucket_name}\"\n        },\n        {\n            \"Sid\": \"AWSLogDeliveryWrite\",\n            \"Effect\": \"Allow\",\n            \"Principal\": {\n                \"Service\": \"delivery.logs.amazonaws.com\"\n            },\n            \"Action\": \"s3:PutObject\",\n            \"Resource\": \"arn:aws:s3:::${bucket_name}/${bucket_folder}/*\",\n            \"Condition\": {\n                \"StringEquals\": {\n                    \"s3:x-amz-acl\": \"bucket-owner-full-control\"\n                }\n            }\n        }\n    ]\n}\n",
            "vars": {
              "bucket_folder": "sophos-optix-flowlogs",
              "bucket_name": "sophos-optix-flowlogs-693051501776-us-east-1"
            }
          },
          "sensitive_attributes": []
        }
      ]
    },
    {
      "module": "module.flow-logs-module-us-east-1",
      "mode": "data",
      "type": "template_file",
      "name": "policy",
      "provider": "provider[\"registry.terraform.io/hashicorp/template\"]",
      "instances": [
        {
          "schema_version": 0,
          "attributes": {
            "filename": null,
            "id": "1b07b703b4b86b25b6d73149b3bc5dd14655b1cb4ec6938ed82163c6d82ec541",
            "rendered": "{\n    \"Version\": \"2012-10-17\",\n    \"Statement\": [\n        {\n            \"Effect\": \"Allow\",\n            \"Action\": [\n                \"s3:GetObject\"\n            ],\n            \"Resource\": [\"arn:aws:s3:::sophos-optix-flowlogs-693051501776-us-east-1/sophos-optix-flowlogs/*\"]\n        }\n    ]\n}",
            "template": "{\n    \"Version\": \"2012-10-17\",\n    \"Statement\": [\n        {\n            \"Effect\": \"Allow\",\n            \"Action\": [\n                \"s3:GetObject\"\n            ],\n            \"Resource\": [\"arn:aws:s3:::${s3_name}/sophos-optix-flowlogs/*\"]\n        }\n    ]\n}",
            "vars": {
              "s3_name": "sophos-optix-flowlogs-693051501776-us-east-1"
            }
          },
          "sensitive_attributes": []
        }
      ]
    },
    {
      "module": "module.flow-logs-module-us-east-1",
      "mode": "managed",
      "type": "null_resource",
      "name": "next",
      "provider": "provider[\"registry.terraform.io/hashicorp/null\"]",
      "instances": [
        {
          "schema_version": 0,
          "attributes": {
            "id": "8842317842793246428",
            "triggers": null
          },
          "sensitive_attributes": [],
          "private": "bnVsbA==",
          "dependencies": [
            "data.aws_caller_identity.current",
            "module.flow-logs-module-us-east-1.aws_s3_bucket.avid",
            "module.flow-logs-module-us-east-1.null_resource.previous",
            "module.flow-logs-module-us-east-1.time_sleep.wait_2_seconds"
          ]
        }
      ]
    },
    {
      "module": "module.flow-logs-module-us-east-1",
      "mode": "managed",
      "type": "null_resource",
      "name": "previous",
      "provider": "provider[\"registry.terraform.io/hashicorp/null\"]",
      "instances": [
        {
          "schema_version": 0,
          "attributes": {
            "id": "6977329161158201601",
            "triggers": null
          },
          "sensitive_attributes": [],
          "private": "bnVsbA==",
          "dependencies": [
            "data.aws_caller_identity.current",
            "module.flow-logs-module-us-east-1.aws_s3_bucket.avid"
          ]
        }
      ]
    },
    {
      "module": "module.flow-logs-module-us-east-1",
      "mode": "managed",
      "type": "time_sleep",
      "name": "wait_2_seconds",
      "provider": "provider[\"registry.terraform.io/hashicorp/time\"]",
      "instances": [
        {
          "schema_version": 0,
          "attributes": {
            "create_duration": "2s",
            "destroy_duration": null,
            "id": "2022-02-01T20:41:27Z",
            "triggers": null
          },
          "sensitive_attributes": [],
          "private": "bnVsbA==",
          "dependencies": [
            "data.aws_caller_identity.current",
            "module.flow-logs-module-us-east-1.aws_s3_bucket.avid",
            "module.flow-logs-module-us-east-1.null_resource.previous"
          ]
        }
      ]
    },
    {
      "module": "module.flow-logs-module-us-east-2",
      "mode": "data",
      "type": "template_file",
      "name": "avid",
      "provider": "provider[\"registry.terraform.io/hashicorp/template\"]",
      "instances": [
        {
          "schema_version": 0,
          "attributes": {
            "filename": null,
            "id": "73b8af1af106b7b51af3cda876f2f025016741debbf5a4aa728e7385fcb60ba0",
            "rendered": "{\n    \"Version\": \"2012-10-17\",\n    \"Statement\": [\n        {\n            \"Sid\": \"AWSLogDeliveryAclCheck\",\n            \"Effect\": \"Allow\",\n            \"Principal\": {\n                \"Service\": \"delivery.logs.amazonaws.com\"\n            },\n            \"Action\": \"s3:GetBucketAcl\",\n            \"Resource\": \"arn:aws:s3:::sophos-optix-flowlogs-693051501776-us-east-2\"\n        },\n        {\n            \"Sid\": \"AWSLogDeliveryWrite\",\n            \"Effect\": \"Allow\",\n            \"Principal\": {\n                \"Service\": \"delivery.logs.amazonaws.com\"\n            },\n            \"Action\": \"s3:PutObject\",\n            \"Resource\": \"arn:aws:s3:::sophos-optix-flowlogs-693051501776-us-east-2/sophos-optix-flowlogs/*\",\n            \"Condition\": {\n                \"StringEquals\": {\n                    \"s3:x-amz-acl\": \"bucket-owner-full-control\"\n                }\n            }\n        }\n    ]\n}\n",
            "template": "{\n    \"Version\": \"2012-10-17\",\n    \"Statement\": [\n        {\n            \"Sid\": \"AWSLogDeliveryAclCheck\",\n            \"Effect\": \"Allow\",\n            \"Principal\": {\n                \"Service\": \"delivery.logs.amazonaws.com\"\n            },\n            \"Action\": \"s3:GetBucketAcl\",\n            \"Resource\": \"arn:aws:s3:::${bucket_name}\"\n        },\n        {\n            \"Sid\": \"AWSLogDeliveryWrite\",\n            \"Effect\": \"Allow\",\n            \"Principal\": {\n                \"Service\": \"delivery.logs.amazonaws.com\"\n            },\n            \"Action\": \"s3:PutObject\",\n            \"Resource\": \"arn:aws:s3:::${bucket_name}/${bucket_folder}/*\",\n            \"Condition\": {\n                \"StringEquals\": {\n                    \"s3:x-amz-acl\": \"bucket-owner-full-control\"\n                }\n            }\n        }\n    ]\n}\n",
            "vars": {
              "bucket_folder": "sophos-optix-flowlogs",
              "bucket_name": "sophos-optix-flowlogs-693051501776-us-east-2"
            }
          },
          "sensitive_attributes": []
        }
      ]
    },
    {
      "module": "module.flow-logs-module-us-east-2",
      "mode": "data",
      "type": "template_file",
      "name": "policy",
      "provider": "provider[\"registry.terraform.io/hashicorp/template\"]",
      "instances": [
        {
          "schema_version": 0,
          "attributes": {
            "filename": null,
            "id": "cba84cff24367d3428879f6c09624b7dccf28aca8c9f82f2a173d959243f3024",
            "rendered": "{\n    \"Version\": \"2012-10-17\",\n    \"Statement\": [\n        {\n            \"Effect\": \"Allow\",\n            \"Action\": [\n                \"s3:GetObject\"\n            ],\n            \"Resource\": [\"arn:aws:s3:::sophos-optix-flowlogs-693051501776-us-east-2/sophos-optix-flowlogs/*\"]\n        }\n    ]\n}",
            "template": "{\n    \"Version\": \"2012-10-17\",\n    \"Statement\": [\n        {\n            \"Effect\": \"Allow\",\n            \"Action\": [\n                \"s3:GetObject\"\n            ],\n            \"Resource\": [\"arn:aws:s3:::${s3_name}/sophos-optix-flowlogs/*\"]\n        }\n    ]\n}",
            "vars": {
              "s3_name": "sophos-optix-flowlogs-693051501776-us-east-2"
            }
          },
          "sensitive_attributes": []
        }
      ]
    },
    {
      "module": "module.flow-logs-module-us-east-2",
      "mode": "managed",
      "type": "null_resource",
      "name": "next",
      "provider": "provider[\"registry.terraform.io/hashicorp/null\"]",
      "instances": [
        {
          "schema_version": 0,
          "attributes": {
            "id": "7289418049571007133",
            "triggers": null
          },
          "sensitive_attributes": [],
          "private": "bnVsbA==",
          "dependencies": [
            "data.aws_caller_identity.current",
            "module.flow-logs-module-us-east-2.aws_s3_bucket.avid",
            "module.flow-logs-module-us-east-2.null_resource.previous",
            "module.flow-logs-module-us-east-2.time_sleep.wait_2_seconds"
          ]
        }
      ]
    },
    {
      "module": "module.flow-logs-module-us-east-2",
      "mode": "managed",
      "type": "null_resource",
      "name": "previous",
      "provider": "provider[\"registry.terraform.io/hashicorp/null\"]",
      "instances": [
        {
          "schema_version": 0,
          "attributes": {
            "id": "4078456258601589008",
            "triggers": null
          },
          "sensitive_attributes": [],
          "private": "bnVsbA==",
          "dependencies": [
            "data.aws_caller_identity.current",
            "module.flow-logs-module-us-east-2.aws_s3_bucket.avid"
          ]
        }
      ]
    },
    {
      "module": "module.flow-logs-module-us-east-2",
      "mode": "managed",
      "type": "time_sleep",
      "name": "wait_2_seconds",
      "provider": "provider[\"registry.terraform.io/hashicorp/time\"]",
      "instances": [
        {
          "schema_version": 0,
          "attributes": {
            "create_duration": "2s",
            "destroy_duration": null,
            "id": "2022-02-01T20:41:28Z",
            "triggers": null
          },
          "sensitive_attributes": [],
          "private": "bnVsbA==",
          "dependencies": [
            "data.aws_caller_identity.current",
            "module.flow-logs-module-us-east-2.aws_s3_bucket.avid",
            "module.flow-logs-module-us-east-2.null_resource.previous"
          ]
        }
      ]
    },
    {
      "module": "module.flow-logs-module-us-west-1",
      "mode": "data",
      "type": "template_file",
      "name": "avid",
      "provider": "provider[\"registry.terraform.io/hashicorp/template\"]",
      "instances": [
        {
          "schema_version": 0,
          "attributes": {
            "filename": null,
            "id": "218bde27c2db60c73c54c8200250c6b802ae3fd84ed5d21b198dc9a682e15a70",
            "rendered": "{\n    \"Version\": \"2012-10-17\",\n    \"Statement\": [\n        {\n            \"Sid\": \"AWSLogDeliveryAclCheck\",\n            \"Effect\": \"Allow\",\n            \"Principal\": {\n                \"Service\": \"delivery.logs.amazonaws.com\"\n            },\n            \"Action\": \"s3:GetBucketAcl\",\n            \"Resource\": \"arn:aws:s3:::sophos-optix-flowlogs-693051501776-us-west-1\"\n        },\n        {\n            \"Sid\": \"AWSLogDeliveryWrite\",\n            \"Effect\": \"Allow\",\n            \"Principal\": {\n                \"Service\": \"delivery.logs.amazonaws.com\"\n            },\n            \"Action\": \"s3:PutObject\",\n            \"Resource\": \"arn:aws:s3:::sophos-optix-flowlogs-693051501776-us-west-1/sophos-optix-flowlogs/*\",\n            \"Condition\": {\n                \"StringEquals\": {\n                    \"s3:x-amz-acl\": \"bucket-owner-full-control\"\n                }\n            }\n        }\n    ]\n}\n",
            "template": "{\n    \"Version\": \"2012-10-17\",\n    \"Statement\": [\n        {\n            \"Sid\": \"AWSLogDeliveryAclCheck\",\n            \"Effect\": \"Allow\",\n            \"Principal\": {\n                \"Service\": \"delivery.logs.amazonaws.com\"\n            },\n            \"Action\": \"s3:GetBucketAcl\",\n            \"Resource\": \"arn:aws:s3:::${bucket_name}\"\n        },\n        {\n            \"Sid\": \"AWSLogDeliveryWrite\",\n            \"Effect\": \"Allow\",\n            \"Principal\": {\n                \"Service\": \"delivery.logs.amazonaws.com\"\n            },\n            \"Action\": \"s3:PutObject\",\n            \"Resource\": \"arn:aws:s3:::${bucket_name}/${bucket_folder}/*\",\n            \"Condition\": {\n                \"StringEquals\": {\n                    \"s3:x-amz-acl\": \"bucket-owner-full-control\"\n                }\n            }\n        }\n    ]\n}\n",
            "vars": {
              "bucket_folder": "sophos-optix-flowlogs",
              "bucket_name": "sophos-optix-flowlogs-693051501776-us-west-1"
            }
          },
          "sensitive_attributes": []
        }
      ]
    },
    {
      "module": "module.flow-logs-module-us-west-1",
      "mode": "data",
      "type": "template_file",
      "name": "policy",
      "provider": "provider[\"registry.terraform.io/hashicorp/template\"]",
      "instances": [
        {
          "schema_version": 0,
          "attributes": {
            "filename": null,
            "id": "ed647f789009015b049e577ba62e7020bd5aaca19d6468cf5c0435a8e171cb21",
            "rendered": "{\n    \"Version\": \"2012-10-17\",\n    \"Statement\": [\n        {\n            \"Effect\": \"Allow\",\n            \"Action\": [\n                \"s3:GetObject\"\n            ],\n            \"Resource\": [\"arn:aws:s3:::sophos-optix-flowlogs-693051501776-us-west-1/sophos-optix-flowlogs/*\"]\n        }\n    ]\n}",
            "template": "{\n    \"Version\": \"2012-10-17\",\n    \"Statement\": [\n        {\n            \"Effect\": \"Allow\",\n            \"Action\": [\n                \"s3:GetObject\"\n            ],\n            \"Resource\": [\"arn:aws:s3:::${s3_name}/sophos-optix-flowlogs/*\"]\n        }\n    ]\n}",
            "vars": {
              "s3_name": "sophos-optix-flowlogs-693051501776-us-west-1"
            }
          },
          "sensitive_attributes": []
        }
      ]
    },
    {
      "module": "module.flow-logs-module-us-west-1",
      "mode": "managed",
      "type": "null_resource",
      "name": "next",
      "provider": "provider[\"registry.terraform.io/hashicorp/null\"]",
      "instances": [
        {
          "schema_version": 0,
          "attributes": {
            "id": "6434940583070706377",
            "triggers": null
          },
          "sensitive_attributes": [],
          "private": "bnVsbA==",
          "dependencies": [
            "data.aws_caller_identity.current",
            "module.flow-logs-module-us-west-1.aws_s3_bucket.avid",
            "module.flow-logs-module-us-west-1.null_resource.previous",
            "module.flow-logs-module-us-west-1.time_sleep.wait_2_seconds"
          ]
        }
      ]
    },
    {
      "module": "module.flow-logs-module-us-west-1",
      "mode": "managed",
      "type": "null_resource",
      "name": "previous",
      "provider": "provider[\"registry.terraform.io/hashicorp/null\"]",
      "instances": [
        {
          "schema_version": 0,
          "attributes": {
            "id": "3739070698342951387",
            "triggers": null
          },
          "sensitive_attributes": [],
          "private": "bnVsbA==",
          "dependencies": [
            "data.aws_caller_identity.current",
            "module.flow-logs-module-us-west-1.aws_s3_bucket.avid"
          ]
        }
      ]
    },
    {
      "module": "module.flow-logs-module-us-west-1",
      "mode": "managed",
      "type": "time_sleep",
      "name": "wait_2_seconds",
      "provider": "provider[\"registry.terraform.io/hashicorp/time\"]",
      "instances": [
        {
          "schema_version": 0,
          "attributes": {
            "create_duration": "2s",
            "destroy_duration": null,
            "id": "2022-02-01T20:41:29Z",
            "triggers": null
          },
          "sensitive_attributes": [],
          "private": "bnVsbA==",
          "dependencies": [
            "data.aws_caller_identity.current",
            "module.flow-logs-module-us-west-1.aws_s3_bucket.avid",
            "module.flow-logs-module-us-west-1.null_resource.previous"
          ]
        }
      ]
    },
    {
      "module": "module.flow-logs-module-us-west-2",
      "mode": "data",
      "type": "aws_vpcs",
      "name": "list",
      "provider": "provider[\"registry.terraform.io/hashicorp/aws\"].us-west-2",
      "instances": [
        {
          "index_key": 0,
          "schema_version": 0,
          "attributes": {
            "filter": null,
            "id": "us-west-2",
            "ids": [
              "vpc-0b2527e7f9a377762"
            ],
            "tags": null
          },
          "sensitive_attributes": []
        }
      ]
    },
    {
      "module": "module.flow-logs-module-us-west-2",
      "mode": "data",
      "type": "template_file",
      "name": "avid",
      "provider": "provider[\"registry.terraform.io/hashicorp/template\"]",
      "instances": [
        {
          "schema_version": 0,
          "attributes": {
            "filename": null,
            "id": "9ca701dfcddaaf3084e06746aac2d439c3bff24d218d840cc531161ff1f08c92",
            "rendered": "{\n    \"Version\": \"2012-10-17\",\n    \"Statement\": [\n        {\n            \"Sid\": \"AWSLogDeliveryAclCheck\",\n            \"Effect\": \"Allow\",\n            \"Principal\": {\n                \"Service\": \"delivery.logs.amazonaws.com\"\n            },\n            \"Action\": \"s3:GetBucketAcl\",\n            \"Resource\": \"arn:aws:s3:::sophos-optix-flowlogs-693051501776-us-west-2\"\n        },\n        {\n            \"Sid\": \"AWSLogDeliveryWrite\",\n            \"Effect\": \"Allow\",\n            \"Principal\": {\n                \"Service\": \"delivery.logs.amazonaws.com\"\n            },\n            \"Action\": \"s3:PutObject\",\n            \"Resource\": \"arn:aws:s3:::sophos-optix-flowlogs-693051501776-us-west-2/sophos-optix-flowlogs/*\",\n            \"Condition\": {\n                \"StringEquals\": {\n                    \"s3:x-amz-acl\": \"bucket-owner-full-control\"\n                }\n            }\n        }\n    ]\n}\n",
            "template": "{\n    \"Version\": \"2012-10-17\",\n    \"Statement\": [\n        {\n            \"Sid\": \"AWSLogDeliveryAclCheck\",\n            \"Effect\": \"Allow\",\n            \"Principal\": {\n                \"Service\": \"delivery.logs.amazonaws.com\"\n            },\n            \"Action\": \"s3:GetBucketAcl\",\n            \"Resource\": \"arn:aws:s3:::${bucket_name}\"\n        },\n        {\n            \"Sid\": \"AWSLogDeliveryWrite\",\n            \"Effect\": \"Allow\",\n            \"Principal\": {\n                \"Service\": \"delivery.logs.amazonaws.com\"\n            },\n            \"Action\": \"s3:PutObject\",\n            \"Resource\": \"arn:aws:s3:::${bucket_name}/${bucket_folder}/*\",\n            \"Condition\": {\n                \"StringEquals\": {\n                    \"s3:x-amz-acl\": \"bucket-owner-full-control\"\n                }\n            }\n        }\n    ]\n}\n",
            "vars": {
              "bucket_folder": "sophos-optix-flowlogs",
              "bucket_name": "sophos-optix-flowlogs-693051501776-us-west-2"
            }
          },
          "sensitive_attributes": []
        }
      ]
    },
    {
      "module": "module.flow-logs-module-us-west-2",
      "mode": "data",
      "type": "template_file",
      "name": "policy",
      "provider": "provider[\"registry.terraform.io/hashicorp/template\"]",
      "instances": [
        {
          "schema_version": 0,
          "attributes": {
            "filename": null,
            "id": "3c53c0b70dc7ab1788c0b05cc134f6cddaa5210a0f5d04863fd0d6cc1ccdeac0",
            "rendered": "{\n    \"Version\": \"2012-10-17\",\n    \"Statement\": [\n        {\n            \"Effect\": \"Allow\",\n            \"Action\": [\n                \"s3:GetObject\"\n            ],\n            \"Resource\": [\"arn:aws:s3:::sophos-optix-flowlogs-693051501776-us-west-2/sophos-optix-flowlogs/*\"]\n        }\n    ]\n}",
            "template": "{\n    \"Version\": \"2012-10-17\",\n    \"Statement\": [\n        {\n            \"Effect\": \"Allow\",\n            \"Action\": [\n                \"s3:GetObject\"\n            ],\n            \"Resource\": [\"arn:aws:s3:::${s3_name}/sophos-optix-flowlogs/*\"]\n        }\n    ]\n}",
            "vars": {
              "s3_name": "sophos-optix-flowlogs-693051501776-us-west-2"
            }
          },
          "sensitive_attributes": []
        }
      ]
    },
    {
      "module": "module.flow-logs-module-us-west-2",
      "mode": "managed",
      "type": "aws_flow_log",
      "name": "fl",
      "provider": "provider[\"registry.terraform.io/hashicorp/aws\"].us-west-2",
      "instances": [
        {
          "index_key": 0,
          "schema_version": 0,
          "attributes": {
            "arn": "arn:aws:ec2:us-west-2:693051501776:vpc-flow-log/fl-0f7864b2ae46d156e",
            "destination_options": [
              {
                "file_format": "plain-text",
                "hive_compatible_partitions": false,
                "per_hour_partition": false
              }
            ],
            "eni_id": null,
            "iam_role_arn": "",
            "id": "fl-0f7864b2ae46d156e",
            "log_destination": "arn:aws:s3:::sophos-optix-flowlogs-693051501776-us-west-2/sophos-optix-flowlogs/",
            "log_destination_type": "s3",
            "log_format": "${version} ${account-id} ${interface-id} ${srcaddr} ${dstaddr} ${srcport} ${dstport} ${protocol} ${packets} ${bytes} ${start} ${end} ${action} ${log-status} ${vpc-id} ${subnet-id} ${instance-id} ${type} ${pkt-srcaddr} ${pkt-dstaddr} ${region} ${az-id} ${pkt-src-aws-service} ${pkt-dst-aws-service} ${flow-direction} ${traffic-path}",
            "log_group_name": "",
            "max_aggregation_interval": 600,
            "subnet_id": null,
            "tags": {
              "created_by": "optix"
            },
            "tags_all": {
              "created_by": "optix"
            },
            "traffic_type": "ACCEPT",
            "vpc_id": "vpc-0b2527e7f9a377762"
          },
          "sensitive_attributes": [],
          "private": "bnVsbA==",
          "dependencies": [
            "data.aws_caller_identity.current",
            "module.flow-logs-module-us-west-2.aws_s3_bucket.avid",
            "module.flow-logs-module-us-west-2.data.aws_vpcs.list",
            "module.flow-logs-module-us-west-2.null_resource.next",
            "module.flow-logs-module-us-west-2.null_resource.previous",
            "module.flow-logs-module-us-west-2.time_sleep.wait_2_seconds"
          ]
        }
      ]
    },
    {
      "module": "module.flow-logs-module-us-west-2",
      "mode": "managed",
      "type": "aws_iam_role_policy",
      "name": "avid",
      "provider": "provider[\"registry.terraform.io/hashicorp/aws\"].us-west-2",
      "instances": [
        {
          "index_key": 0,
          "schema_version": 0,
          "attributes": {
            "id": "Sophos-Optix-role:Sophos-Optix-flowlogs-read-policy-us-west-2",
            "name": "Sophos-Optix-flowlogs-read-policy-us-west-2",
            "name_prefix": null,
            "policy": "{\n    \"Version\": \"2012-10-17\",\n    \"Statement\": [\n        {\n            \"Effect\": \"Allow\",\n            \"Action\": [\n                \"s3:GetObject\"\n            ],\n            \"Resource\": [\"arn:aws:s3:::sophos-optix-flowlogs-693051501776-us-west-2/sophos-optix-flowlogs/*\"]\n        }\n    ]\n}",
            "role": "Sophos-Optix-role"
          },
          "sensitive_attributes": [],
          "private": "bnVsbA==",
          "dependencies": [
            "data.aws_caller_identity.current",
            "module.avid-role.aws_iam_role.iam-role",
            "module.avid-role.data.template_file.policy",
            "module.flow-logs-module-us-west-2.data.template_file.policy"
          ]
        }
      ]
    },
    {
      "module": "module.flow-logs-module-us-west-2",
      "mode": "managed",
      "type": "aws_lambda_function",
      "name": "avid",
      "provider": "provider[\"registry.terraform.io/hashicorp/aws\"].us-west-2",
      "instances": [
        {
          "index_key": 0,
          "schema_version": 0,
          "attributes": {
            "architectures": [
              "x86_64"
            ],
            "arn": "arn:aws:lambda:us-west-2:693051501776:function:Sophos-Optix-flowlogs-fn",
            "code_signing_config_arn": "",
            "dead_letter_config": [],
            "description": "",
            "environment": [
              {
                "variables": {
                  "CUSTOMER_ID": "d7c35907-ea64-4398-aeba-c1833f1ef7b7",
                  "DNS_PATH": "s3key/vpclogs",
                  "DNS_PREFIX": "flow.optix.sophos.com"
                }
              }
            ],
            "file_system_config": [],
            "filename": "collector-v2-sns-lambda.zip",
            "function_name": "Sophos-Optix-flowlogs-fn",
            "handler": "collector-v2-sns-lambda.lambda_handler",
            "id": "Sophos-Optix-flowlogs-fn",
            "image_config": [],
            "image_uri": "",
            "invoke_arn": "arn:aws:apigateway:us-west-2:lambda:path/2015-03-31/functions/arn:aws:lambda:us-west-2:693051501776:function:Sophos-Optix-flowlogs-fn/invocations",
            "kms_key_arn": "",
            "last_modified": "2022-02-01T20:47:42.837+0000",
            "layers": null,
            "memory_size": 128,
            "package_type": "Zip",
            "publish": false,
            "qualified_arn": "arn:aws:lambda:us-west-2:693051501776:function:Sophos-Optix-flowlogs-fn:$LATEST",
            "reserved_concurrent_executions": -1,
            "role": "arn:aws:iam::693051501776:role/Sophos-Optix-lambda-logging-role",
            "runtime": "python3.8",
            "s3_bucket": null,
            "s3_key": null,
            "s3_object_version": null,
            "signing_job_arn": "",
            "signing_profile_version_arn": "",
            "source_code_hash": "ZYE6iyeD52cowN/xSd4eW6Z6Cr6bqmmuUt1dIFUnx4A=",
            "source_code_size": 797936,
            "tags": {
              "created_by": "optix"
            },
            "tags_all": {
              "created_by": "optix"
            },
            "timeout": 120,
            "timeouts": null,
            "tracing_config": [
              {
                "mode": "PassThrough"
              }
            ],
            "version": "$LATEST",
            "vpc_config": []
          },
          "sensitive_attributes": [],
          "private": "eyJlMmJmYjczMC1lY2FhLTExZTYtOGY4OC0zNDM2M2JjN2M0YzAiOnsiY3JlYXRlIjo2MDAwMDAwMDAwMDB9fQ==",
          "dependencies": [
            "data.aws_caller_identity.current"
          ]
        }
      ]
    },
    {
      "module": "module.flow-logs-module-us-west-2",
      "mode": "managed",
      "type": "aws_lambda_permission",
      "name": "avid",
      "provider": "provider[\"registry.terraform.io/hashicorp/aws\"].us-west-2",
      "instances": [
        {
          "index_key": 0,
          "schema_version": 0,
          "attributes": {
            "action": "lambda:InvokeFunction",
            "event_source_token": null,
            "function_name": "Sophos-Optix-flowlogs-fn",
            "id": "givessnspermissionflow693051501776us-west-2",
            "principal": "sns.amazonaws.com",
            "qualifier": "",
            "source_account": null,
            "source_arn": "arn:aws:sns:us-west-2:693051501776:Sophos-Optix-flowlogs-s3-sns-topic",
            "statement_id": "givessnspermissionflow693051501776us-west-2",
            "statement_id_prefix": null
          },
          "sensitive_attributes": [],
          "private": "bnVsbA==",
          "dependencies": [
            "data.aws_caller_identity.current",
            "module.flow-logs-module-us-west-2.aws_s3_bucket.avid",
            "module.flow-logs-module-us-west-2.aws_sns_topic.avid"
          ]
        }
      ]
    },
    {
      "module": "module.flow-logs-module-us-west-2",
      "mode": "managed",
      "type": "aws_s3_bucket",
      "name": "avid",
      "provider": "provider[\"registry.terraform.io/hashicorp/aws\"].us-west-2",
      "instances": [
        {
          "index_key": 0,
          "schema_version": 0,
          "attributes": {
            "acceleration_status": "",
            "acl": "private",
            "arn": "arn:aws:s3:::sophos-optix-flowlogs-693051501776-us-west-2",
            "bucket": "sophos-optix-flowlogs-693051501776-us-west-2",
            "bucket_domain_name": "sophos-optix-flowlogs-693051501776-us-west-2.s3.amazonaws.com",
            "bucket_prefix": null,
            "bucket_regional_domain_name": "sophos-optix-flowlogs-693051501776-us-west-2.s3.us-west-2.amazonaws.com",
            "cors_rule": [],
            "force_destroy": false,
            "grant": [],
            "hosted_zone_id": "Z3BJ6K6RIION7M",
            "id": "sophos-optix-flowlogs-693051501776-us-west-2",
            "lifecycle_rule": [
              {
                "abort_incomplete_multipart_upload_days": 0,
                "enabled": true,
                "expiration": [],
                "id": "s3flowsdeleteafterNdays",
                "noncurrent_version_expiration": [
                  {
                    "days": 1
                  }
                ],
                "noncurrent_version_transition": [],
                "prefix": "",
                "tags": null,
                "transition": []
              }
            ],
            "logging": [],
            "object_lock_configuration": [],
            "policy": null,
            "region": "us-west-2",
            "replication_configuration": [],
            "request_payer": "BucketOwner",
            "server_side_encryption_configuration": [],
            "tags": {
              "created_by": "optix"
            },
            "tags_all": {
              "created_by": "optix"
            },
            "versioning": [
              {
                "enabled": false,
                "mfa_delete": false
              }
            ],
            "website": [],
            "website_domain": null,
            "website_endpoint": null
          },
          "sensitive_attributes": [],
          "private": "bnVsbA==",
          "dependencies": [
            "data.aws_caller_identity.current"
          ]
        }
      ]
    },
    {
      "module": "module.flow-logs-module-us-west-2",
      "mode": "managed",
      "type": "aws_s3_bucket_notification",
      "name": "avid",
      "provider": "provider[\"registry.terraform.io/hashicorp/aws\"].us-west-2",
      "instances": [
        {
          "index_key": 0,
          "schema_version": 0,
          "attributes": {
            "bucket": "sophos-optix-flowlogs-693051501776-us-west-2",
            "eventbridge": false,
            "id": "sophos-optix-flowlogs-693051501776-us-west-2",
            "lambda_function": [],
            "queue": [],
            "topic": [
              {
                "events": [
                  "s3:ObjectCreated:*"
                ],
                "filter_prefix": "sophos-optix-flowlogs/AWSLogs/693051501776/",
                "filter_suffix": ".log.gz",
                "id": "s3eventtriggersSNS",
                "topic_arn": "arn:aws:sns:us-west-2:693051501776:Sophos-Optix-flowlogs-s3-sns-topic"
              }
            ]
          },
          "sensitive_attributes": [],
          "private": "bnVsbA==",
          "dependencies": [
            "data.aws_caller_identity.current",
            "module.flow-logs-module-us-west-2.aws_s3_bucket.avid",
            "module.flow-logs-module-us-west-2.aws_sns_topic.avid"
          ]
        }
      ]
    },
    {
      "module": "module.flow-logs-module-us-west-2",
      "mode": "managed",
      "type": "aws_s3_bucket_policy",
      "name": "avid",
      "provider": "provider[\"registry.terraform.io/hashicorp/aws\"].us-west-2",
      "instances": [
        {
          "index_key": 0,
          "schema_version": 0,
          "attributes": {
            "bucket": "sophos-optix-flowlogs-693051501776-us-west-2",
            "id": "sophos-optix-flowlogs-693051501776-us-west-2",
            "policy": "{\n    \"Version\": \"2012-10-17\",\n    \"Statement\": [\n        {\n            \"Sid\": \"AWSLogDeliveryAclCheck\",\n            \"Effect\": \"Allow\",\n            \"Principal\": {\n                \"Service\": \"delivery.logs.amazonaws.com\"\n            },\n            \"Action\": \"s3:GetBucketAcl\",\n            \"Resource\": \"arn:aws:s3:::sophos-optix-flowlogs-693051501776-us-west-2\"\n        },\n        {\n            \"Sid\": \"AWSLogDeliveryWrite\",\n            \"Effect\": \"Allow\",\n            \"Principal\": {\n                \"Service\": \"delivery.logs.amazonaws.com\"\n            },\n            \"Action\": \"s3:PutObject\",\n            \"Resource\": \"arn:aws:s3:::sophos-optix-flowlogs-693051501776-us-west-2/sophos-optix-flowlogs/*\",\n            \"Condition\": {\n                \"StringEquals\": {\n                    \"s3:x-amz-acl\": \"bucket-owner-full-control\"\n                }\n            }\n        }\n    ]\n}\n"
          },
          "sensitive_attributes": [],
          "private": "bnVsbA==",
          "dependencies": [
            "data.aws_caller_identity.current",
            "module.flow-logs-module-us-west-2.aws_s3_bucket.avid",
            "module.flow-logs-module-us-west-2.data.template_file.avid"
          ]
        }
      ]
    },
    {
      "module": "module.flow-logs-module-us-west-2",
      "mode": "managed",
      "type": "aws_sns_topic",
      "name": "avid",
      "provider": "provider[\"registry.terraform.io/hashicorp/aws\"].us-west-2",
      "instances": [
        {
          "index_key": 0,
          "schema_version": 0,
          "attributes": {
            "application_failure_feedback_role_arn": "",
            "application_success_feedback_role_arn": "",
            "application_success_feedback_sample_rate": 0,
            "arn": "arn:aws:sns:us-west-2:693051501776:Sophos-Optix-flowlogs-s3-sns-topic",
            "content_based_deduplication": false,
            "delivery_policy": "",
            "display_name": "",
            "fifo_topic": false,
            "firehose_failure_feedback_role_arn": "",
            "firehose_success_feedback_role_arn": "",
            "firehose_success_feedback_sample_rate": 0,
            "http_failure_feedback_role_arn": "",
            "http_success_feedback_role_arn": "",
            "http_success_feedback_sample_rate": 0,
            "id": "arn:aws:sns:us-west-2:693051501776:Sophos-Optix-flowlogs-s3-sns-topic",
            "kms_master_key_id": "",
            "lambda_failure_feedback_role_arn": "",
            "lambda_success_feedback_role_arn": "",
            "lambda_success_feedback_sample_rate": 0,
            "name": "Sophos-Optix-flowlogs-s3-sns-topic",
            "name_prefix": "",
            "owner": "693051501776",
            "policy": "{\"Version\":\"2012-10-17\",\"Statement\":[{\"Sid\":\"OptixSNSpermission20150201\",\"Effect\":\"Allow\",\"Principal\":{\"Service\":\"s3.amazonaws.com\"},\"Action\":\"SNS:Publish\",\"Resource\":\"arn:aws:sns:us-west-2:693051501776:Sophos-Optix-flowlogs-s3-sns-topic\",\"Condition\":{\"StringEquals\":{\"AWS:SourceArn\":\"arn:aws:s3:::sophos-optix-flowlogs-693051501776-us-west-2\"}}}]}",
            "sqs_failure_feedback_role_arn": "",
            "sqs_success_feedback_role_arn": "",
            "sqs_success_feedback_sample_rate": 0,
            "tags": {
              "created_by": "optix"
            },
            "tags_all": {
              "created_by": "optix"
            }
          },
          "sensitive_attributes": [],
          "private": "bnVsbA==",
          "dependencies": [
            "data.aws_caller_identity.current",
            "module.flow-logs-module-us-west-2.aws_s3_bucket.avid"
          ]
        }
      ]
    },
    {
      "module": "module.flow-logs-module-us-west-2",
      "mode": "managed",
      "type": "aws_sns_topic_subscription",
      "name": "avid",
      "provider": "provider[\"registry.terraform.io/hashicorp/aws\"].us-west-2",
      "instances": [
        {
          "index_key": 0,
          "schema_version": 0,
          "attributes": {
            "arn": "arn:aws:sns:us-west-2:693051501776:Sophos-Optix-flowlogs-s3-sns-topic:8b56af54-0f23-436b-a8f9-6769d173018c",
            "confirmation_timeout_in_minutes": 1,
            "confirmation_was_authenticated": true,
            "delivery_policy": "",
            "endpoint": "arn:aws:lambda:us-west-2:693051501776:function:Sophos-Optix-flowlogs-fn",
            "endpoint_auto_confirms": false,
            "filter_policy": "",
            "id": "arn:aws:sns:us-west-2:693051501776:Sophos-Optix-flowlogs-s3-sns-topic:8b56af54-0f23-436b-a8f9-6769d173018c",
            "owner_id": "693051501776",
            "pending_confirmation": false,
            "protocol": "lambda",
            "raw_message_delivery": false,
            "redrive_policy": "",
            "subscription_role_arn": "",
            "topic_arn": "arn:aws:sns:us-west-2:693051501776:Sophos-Optix-flowlogs-s3-sns-topic"
          },
          "sensitive_attributes": [],
          "private": "bnVsbA==",
          "dependencies": [
            "data.aws_caller_identity.current",
            "module.flow-logs-module-us-west-2.aws_lambda_function.avid",
            "module.flow-logs-module-us-west-2.aws_s3_bucket.avid",
            "module.flow-logs-module-us-west-2.aws_sns_topic.avid"
          ]
        }
      ]
    },
    {
      "module": "module.flow-logs-module-us-west-2",
      "mode": "managed",
      "type": "null_resource",
      "name": "next",
      "provider": "provider[\"registry.terraform.io/hashicorp/null\"]",
      "instances": [
        {
          "schema_version": 0,
          "attributes": {
            "id": "231580544549689118",
            "triggers": null
          },
          "sensitive_attributes": [],
          "private": "bnVsbA==",
          "dependencies": [
            "data.aws_caller_identity.current",
            "module.flow-logs-module-us-west-2.aws_s3_bucket.avid",
            "module.flow-logs-module-us-west-2.null_resource.previous",
            "module.flow-logs-module-us-west-2.time_sleep.wait_2_seconds"
          ]
        }
      ]
    },
    {
      "module": "module.flow-logs-module-us-west-2",
      "mode": "managed",
      "type": "null_resource",
      "name": "previous",
      "provider": "provider[\"registry.terraform.io/hashicorp/null\"]",
      "instances": [
        {
          "schema_version": 0,
          "attributes": {
            "id": "6595909236140333597",
            "triggers": null
          },
          "sensitive_attributes": [],
          "private": "bnVsbA==",
          "dependencies": [
            "data.aws_caller_identity.current",
            "module.flow-logs-module-us-west-2.aws_s3_bucket.avid"
          ]
        }
      ]
    },
    {
      "module": "module.flow-logs-module-us-west-2",
      "mode": "managed",
      "type": "time_sleep",
      "name": "wait_2_seconds",
      "provider": "provider[\"registry.terraform.io/hashicorp/time\"]",
      "instances": [
        {
          "schema_version": 0,
          "attributes": {
            "create_duration": "2s",
            "destroy_duration": null,
            "id": "2022-02-01T20:41:37Z",
            "triggers": null
          },
          "sensitive_attributes": [],
          "private": "bnVsbA==",
          "dependencies": [
            "data.aws_caller_identity.current",
            "module.flow-logs-module-us-west-2.aws_s3_bucket.avid",
            "module.flow-logs-module-us-west-2.null_resource.previous"
          ]
        }
      ]
    },
    {
      "module": "module.lambda-role",
      "mode": "data",
      "type": "template_file",
      "name": "policy",
      "provider": "provider[\"registry.terraform.io/hashicorp/template\"]",
      "instances": [
        {
          "schema_version": 0,
          "attributes": {
            "filename": null,
            "id": "d2d93622c5e876ce7d2441616bdba60238ffa1ef646c5adff575c9bacfaa761e",
            "rendered": "{\n  \"Version\": \"2012-10-17\",\n  \"Statement\": [{\n    \"Effect\": \"Allow\",\n    \"Principal\": {\n      \"Service\": [\n    \"lambda.amazonaws.com\"\n    ]\n    },\n    \"Action\": [\n      \"sts:AssumeRole\"\n    ]\n  }]\n}\n",
            "template": "{\n  \"Version\": \"2012-10-17\",\n  \"Statement\": [{\n    \"Effect\": \"Allow\",\n    \"Principal\": {\n      \"Service\": [\n    \"lambda.amazonaws.com\"\n    ]\n    },\n    \"Action\": [\n      \"sts:AssumeRole\"\n    ]\n  }]\n}\n",
            "vars": {
              "external_id": ""
            }
          },
          "sensitive_attributes": []
        }
      ]
    },
    {
      "module": "module.lambda-role",
      "mode": "managed",
      "type": "aws_iam_role",
      "name": "iam-role",
      "provider": "provider[\"registry.terraform.io/hashicorp/aws\"]",
      "instances": [
        {
          "schema_version": 0,
          "attributes": {
            "arn": "arn:aws:iam::693051501776:role/Sophos-Optix-lambda-logging-role",
            "assume_role_policy": "{\"Version\":\"2012-10-17\",\"Statement\":[{\"Effect\":\"Allow\",\"Principal\":{\"Service\":\"lambda.amazonaws.com\"},\"Action\":\"sts:AssumeRole\"}]}",
            "create_date": "2022-02-01T20:41:27Z",
            "description": "",
            "force_detach_policies": false,
            "id": "Sophos-Optix-lambda-logging-role",
            "inline_policy": [
              {
                "name": "",
                "policy": ""
              }
            ],
            "managed_policy_arns": [],
            "max_session_duration": 3600,
            "name": "Sophos-Optix-lambda-logging-role",
            "name_prefix": "",
            "path": "/",
            "permissions_boundary": null,
            "tags": {
              "created_by": "optix"
            },
            "tags_all": {
              "created_by": "optix"
            },
            "unique_id": "AROA2CXIWVTIDICWAUWCU"
          },
          "sensitive_attributes": [],
          "private": "bnVsbA==",
          "dependencies": [
            "module.lambda-role.data.template_file.policy"
          ]
        }
      ]
    }
  ]
}
